// !$*UTF8*$!
{
	archiveVersion = 1;
	classes = {
	};
	objectVersion = 48;
	objects = {

/* Begin PBXBuildFile section */
		3C19391520207E1800E7D007 /* points.png in Resources */ = {isa = PBXBuildFile; fileRef = 3C19391420207E1700E7D007 /* points.png */; };
		3C1B0B38202D248500E059BD /* BusinessListViewController.swift in Sources */ = {isa = PBXBuildFile; fileRef = 3C1B0B37202D248500E059BD /* BusinessListViewController.swift */; };
		3C1B0B3B202D324100E059BD /* common_back@2x.png in Resources */ = {isa = PBXBuildFile; fileRef = 3C1B0B39202D324100E059BD /* common_back@2x.png */; };
		3C1B0B3C202D324100E059BD /* common_back@3x.png in Resources */ = {isa = PBXBuildFile; fileRef = 3C1B0B3A202D324100E059BD /* common_back@3x.png */; };
		3C1B0B3E202D332F00E059BD /* BaseViewController.swift in Sources */ = {isa = PBXBuildFile; fileRef = 3C1B0B3D202D332F00E059BD /* BaseViewController.swift */; };
		3C25DA3E201CC286003E4BFB /* UIImageView+Extension.swift in Sources */ = {isa = PBXBuildFile; fileRef = 3C25DA3D201CC286003E4BFB /* UIImageView+Extension.swift */; };
		3C374618201DB866000FD752 /* splash.png in Resources */ = {isa = PBXBuildFile; fileRef = 3C374617201DB866000FD752 /* splash.png */; };
		3C37461A201DBA14000FD752 /* BorderView.swift in Sources */ = {isa = PBXBuildFile; fileRef = 3C374619201DBA14000FD752 /* BorderView.swift */; };
		3C4B070B201EF7CA00856698 /* wallet_donate@3x.png in Resources */ = {isa = PBXBuildFile; fileRef = 3C4B0709201EF7CA00856698 /* wallet_donate@3x.png */; };
		3C4B070C201EF7CA00856698 /* wallet_donate@2x.png in Resources */ = {isa = PBXBuildFile; fileRef = 3C4B070A201EF7CA00856698 /* wallet_donate@2x.png */; };
		3C65505A20243B8600FE0504 /* WalletCell.swift in Sources */ = {isa = PBXBuildFile; fileRef = 3C65505820243B8600FE0504 /* WalletCell.swift */; };
		3C65505B20243B8600FE0504 /* WalletCell.xib in Resources */ = {isa = PBXBuildFile; fileRef = 3C65505920243B8600FE0504 /* WalletCell.xib */; };
		3C65505E20243D0300FE0504 /* WalletSectionCell.swift in Sources */ = {isa = PBXBuildFile; fileRef = 3C65505C20243D0300FE0504 /* WalletSectionCell.swift */; };
		3C65505F20243D0300FE0504 /* WalletSectionCell.xib in Resources */ = {isa = PBXBuildFile; fileRef = 3C65505D20243D0300FE0504 /* WalletSectionCell.xib */; };
		3C655061202445B000FE0504 /* WalletModel.swift in Sources */ = {isa = PBXBuildFile; fileRef = 3C655060202445B000FE0504 /* WalletModel.swift */; };
		3C655063202589C100FE0504 /* libz.tbd in Frameworks */ = {isa = PBXBuildFile; fileRef = 3C655062202589C100FE0504 /* libz.tbd */; };
		3C655065202589CE00FE0504 /* libicucore.tbd in Frameworks */ = {isa = PBXBuildFile; fileRef = 3C655064202589CE00FE0504 /* libicucore.tbd */; };
		3C655067202589D700FE0504 /* MessageUI.framework in Frameworks */ = {isa = PBXBuildFile; fileRef = 3C655066202589D700FE0504 /* MessageUI.framework */; };
		3C655069202589E200FE0504 /* JavaScriptCore.framework in Frameworks */ = {isa = PBXBuildFile; fileRef = 3C655068202589E200FE0504 /* JavaScriptCore.framework */; };
		3C65506B202589F000FE0504 /* libstdc++.tbd in Frameworks */ = {isa = PBXBuildFile; fileRef = 3C65506A202589F000FE0504 /* libstdc++.tbd */; };
		3C6550722025934400FE0504 /* tab_donate_nor@3x.png in Resources */ = {isa = PBXBuildFile; fileRef = 3C65506E2025934300FE0504 /* tab_donate_nor@3x.png */; };
		3C6550732025934400FE0504 /* tab_donate_nor@2x.png in Resources */ = {isa = PBXBuildFile; fileRef = 3C65506F2025934400FE0504 /* tab_donate_nor@2x.png */; };
		3C6550742025934400FE0504 /* tab_donate_sel@3x.png in Resources */ = {isa = PBXBuildFile; fileRef = 3C6550702025934400FE0504 /* tab_donate_sel@3x.png */; };
		3C6550752025934400FE0504 /* tab_donate_sel@2x.png in Resources */ = {isa = PBXBuildFile; fileRef = 3C6550712025934400FE0504 /* tab_donate_sel@2x.png */; };
		3C6550772025A3BA00FE0504 /* img_frame.png in Resources */ = {isa = PBXBuildFile; fileRef = 3C6550762025A3B900FE0504 /* img_frame.png */; };
		3C65507A2025DF7C00FE0504 /* DonateRecordViewController.swift in Sources */ = {isa = PBXBuildFile; fileRef = 3C6550792025DF7C00FE0504 /* DonateRecordViewController.swift */; };
		3C65507D2025E50E00FE0504 /* DonateRecordCell.swift in Sources */ = {isa = PBXBuildFile; fileRef = 3C65507B2025E50E00FE0504 /* DonateRecordCell.swift */; };
		3C65507E2025E50E00FE0504 /* DonateRecordCell.xib in Resources */ = {isa = PBXBuildFile; fileRef = 3C65507C2025E50E00FE0504 /* DonateRecordCell.xib */; };
		3C7E26CF2026930400ED4B56 /* ProfileDetailAvatarCell.swift in Sources */ = {isa = PBXBuildFile; fileRef = 3C7E26C62026930400ED4B56 /* ProfileDetailAvatarCell.swift */; };
		3C7E26D02026930400ED4B56 /* ProfileDetailAvatarCell.xib in Resources */ = {isa = PBXBuildFile; fileRef = 3C7E26C72026930400ED4B56 /* ProfileDetailAvatarCell.xib */; };
		3C7E26D12026930400ED4B56 /* ProfileDetailOtherCell.swift in Sources */ = {isa = PBXBuildFile; fileRef = 3C7E26C82026930400ED4B56 /* ProfileDetailOtherCell.swift */; };
		3C7E26D22026930400ED4B56 /* ProfileDetailsViewController.swift in Sources */ = {isa = PBXBuildFile; fileRef = 3C7E26C92026930400ED4B56 /* ProfileDetailsViewController.swift */; };
		3C7E26D32026930400ED4B56 /* ProfileDetailDescCell.xib in Resources */ = {isa = PBXBuildFile; fileRef = 3C7E26CA2026930400ED4B56 /* ProfileDetailDescCell.xib */; };
		3C7E26D42026930500ED4B56 /* ProfileDetailOtherCell.xib in Resources */ = {isa = PBXBuildFile; fileRef = 3C7E26CB2026930400ED4B56 /* ProfileDetailOtherCell.xib */; };
		3C7E26D52026930500ED4B56 /* ProfileDetailDescCell.swift in Sources */ = {isa = PBXBuildFile; fileRef = 3C7E26CC2026930400ED4B56 /* ProfileDetailDescCell.swift */; };
		3C7E26D72026960100ED4B56 /* ProfileSettingViewController.swift in Sources */ = {isa = PBXBuildFile; fileRef = 3C7E26D62026960100ED4B56 /* ProfileSettingViewController.swift */; };
		3C7E26D9202698B000ED4B56 /* ProfileBusinessViewController.swift in Sources */ = {isa = PBXBuildFile; fileRef = 3C7E26D8202698B000ED4B56 /* ProfileBusinessViewController.swift */; };
		3C8DCEEC201D76C400C9F40E /* launch.png in Resources */ = {isa = PBXBuildFile; fileRef = 3C8DCEDA201D76C400C9F40E /* launch.png */; };
		3C8DCEED201D76C400C9F40E /* tab_business_nor@3x.png in Resources */ = {isa = PBXBuildFile; fileRef = 3C8DCEDC201D76C400C9F40E /* tab_business_nor@3x.png */; };
		3C8DCEEE201D76C400C9F40E /* tab_wallet_sel@2x.png in Resources */ = {isa = PBXBuildFile; fileRef = 3C8DCEDD201D76C400C9F40E /* tab_wallet_sel@2x.png */; };
		3C8DCEEF201D76C400C9F40E /* tab_news_nor@3x.png in Resources */ = {isa = PBXBuildFile; fileRef = 3C8DCEDE201D76C400C9F40E /* tab_news_nor@3x.png */; };
		3C8DCEF0201D76C400C9F40E /* tab_profile_sel@3x.png in Resources */ = {isa = PBXBuildFile; fileRef = 3C8DCEDF201D76C400C9F40E /* tab_profile_sel@3x.png */; };
		3C8DCEF1201D76C400C9F40E /* tab_profile_sel@2x.png in Resources */ = {isa = PBXBuildFile; fileRef = 3C8DCEE0201D76C400C9F40E /* tab_profile_sel@2x.png */; };
		3C8DCEF2201D76C400C9F40E /* tab_news_nor@2x.png in Resources */ = {isa = PBXBuildFile; fileRef = 3C8DCEE1201D76C400C9F40E /* tab_news_nor@2x.png */; };
		3C8DCEF3201D76C400C9F40E /* tab_wallet_sel@3x.png in Resources */ = {isa = PBXBuildFile; fileRef = 3C8DCEE2201D76C400C9F40E /* tab_wallet_sel@3x.png */; };
		3C8DCEF4201D76C400C9F40E /* tab_business_nor@2x.png in Resources */ = {isa = PBXBuildFile; fileRef = 3C8DCEE3201D76C400C9F40E /* tab_business_nor@2x.png */; };
		3C8DCEF5201D76C400C9F40E /* tab_profile_nor@3x.png in Resources */ = {isa = PBXBuildFile; fileRef = 3C8DCEE4201D76C400C9F40E /* tab_profile_nor@3x.png */; };
		3C8DCEF6201D76C400C9F40E /* tab_news_sel@3x.png in Resources */ = {isa = PBXBuildFile; fileRef = 3C8DCEE5201D76C400C9F40E /* tab_news_sel@3x.png */; };
		3C8DCEF7201D76C400C9F40E /* tab_wallet_nor@2x.png in Resources */ = {isa = PBXBuildFile; fileRef = 3C8DCEE6201D76C400C9F40E /* tab_wallet_nor@2x.png */; };
		3C8DCEF8201D76C400C9F40E /* tab_business_sel@3x.png in Resources */ = {isa = PBXBuildFile; fileRef = 3C8DCEE7201D76C400C9F40E /* tab_business_sel@3x.png */; };
		3C8DCEF9201D76C400C9F40E /* tab_business_sel@2x.png in Resources */ = {isa = PBXBuildFile; fileRef = 3C8DCEE8201D76C400C9F40E /* tab_business_sel@2x.png */; };
		3C8DCEFA201D76C400C9F40E /* tab_wallet_nor@3x.png in Resources */ = {isa = PBXBuildFile; fileRef = 3C8DCEE9201D76C400C9F40E /* tab_wallet_nor@3x.png */; };
		3C8DCEFB201D76C400C9F40E /* tab_news_sel@2x.png in Resources */ = {isa = PBXBuildFile; fileRef = 3C8DCEEA201D76C400C9F40E /* tab_news_sel@2x.png */; };
		3C8DCEFC201D76C400C9F40E /* tab_profile_nor@2x.png in Resources */ = {isa = PBXBuildFile; fileRef = 3C8DCEEB201D76C400C9F40E /* tab_profile_nor@2x.png */; };
		3C91FC28201F21C500BB492D /* news_header.png in Resources */ = {isa = PBXBuildFile; fileRef = 3C91FC27201F21C500BB492D /* news_header.png */; };
		3C91FC2C201F3A9E00BB492D /* avatar@3x.png in Resources */ = {isa = PBXBuildFile; fileRef = 3C91FC2A201F3A9D00BB492D /* avatar@3x.png */; };
		3C91FC2D201F3A9E00BB492D /* avatar@2x.png in Resources */ = {isa = PBXBuildFile; fileRef = 3C91FC2B201F3A9D00BB492D /* avatar@2x.png */; };
		3C91FC31201F3C7C00BB492D /* common_forward@3x.png in Resources */ = {isa = PBXBuildFile; fileRef = 3C91FC2F201F3C7C00BB492D /* common_forward@3x.png */; };
		3C91FC32201F3C7C00BB492D /* common_forward@2x.png in Resources */ = {isa = PBXBuildFile; fileRef = 3C91FC30201F3C7C00BB492D /* common_forward@2x.png */; };
		3CA33D9F202CAAFE003032A4 /* MapAroundView.xib in Resources */ = {isa = PBXBuildFile; fileRef = 3CA33D9E202CAAFE003032A4 /* MapAroundView.xib */; };
		3CA33DA1202CAB17003032A4 /* MapAroundView.swift in Sources */ = {isa = PBXBuildFile; fileRef = 3CA33DA0202CAB17003032A4 /* MapAroundView.swift */; };
		3CA33DA4202CABAA003032A4 /* discover@3x.png in Resources */ = {isa = PBXBuildFile; fileRef = 3CA33DA2202CABA9003032A4 /* discover@3x.png */; };
		3CA33DA5202CABAA003032A4 /* discover@2x.png in Resources */ = {isa = PBXBuildFile; fileRef = 3CA33DA3202CABA9003032A4 /* discover@2x.png */; };
		3CB4D0F62029F03C00AB70B9 /* SplashModel.swift in Sources */ = {isa = PBXBuildFile; fileRef = 3CB4D0F52029F03C00AB70B9 /* SplashModel.swift */; };
		3CB4D0F82029FE5100AB70B9 /* DonateRecordModel.swift in Sources */ = {isa = PBXBuildFile; fileRef = 3CB4D0F72029FE5100AB70B9 /* DonateRecordModel.swift */; };
		3CB4D0FA202A011600AB70B9 /* NewsModel.swift in Sources */ = {isa = PBXBuildFile; fileRef = 3CB4D0F9202A011600AB70B9 /* NewsModel.swift */; };
		3CB4D0FC202A033200AB70B9 /* DonateModel.swift in Sources */ = {isa = PBXBuildFile; fileRef = 3CB4D0FB202A033200AB70B9 /* DonateModel.swift */; };
		3CB4D0FF202A044A00AB70B9 /* DonateDetailsModel.swift in Sources */ = {isa = PBXBuildFile; fileRef = 3CB4D0FE202A044A00AB70B9 /* DonateDetailsModel.swift */; };
		3CB4D101202A05AF00AB70B9 /* ProfileModel.swift in Sources */ = {isa = PBXBuildFile; fileRef = 3CB4D100202A05AF00AB70B9 /* ProfileModel.swift */; };
		3CB4D10E202AF8D000AB70B9 /* AdView.xib in Resources */ = {isa = PBXBuildFile; fileRef = 3CB4D10C202AF8D000AB70B9 /* AdView.xib */; };
		3CB4D10F202AF8D000AB70B9 /* AdView.swift in Sources */ = {isa = PBXBuildFile; fileRef = 3CB4D10D202AF8D000AB70B9 /* AdView.swift */; };
		3CB4D111202B093600AB70B9 /* ProfileViewModel.swift in Sources */ = {isa = PBXBuildFile; fileRef = 3CB4D110202B093600AB70B9 /* ProfileViewModel.swift */; };
		3CB4D119202B488300AB70B9 /* ProfileSettingPwdViewController.swift in Sources */ = {isa = PBXBuildFile; fileRef = 3CB4D118202B488200AB70B9 /* ProfileSettingPwdViewController.swift */; };
		3CB4D11B202C194300AB70B9 /* DonateRecordViewModel.swift in Sources */ = {isa = PBXBuildFile; fileRef = 3CB4D11A202C194300AB70B9 /* DonateRecordViewModel.swift */; };
		3CB4D11D202C241700AB70B9 /* Double+Extension.swift in Sources */ = {isa = PBXBuildFile; fileRef = 3CB4D11C202C241700AB70B9 /* Double+Extension.swift */; };
		3CB4D11F202C293300AB70B9 /* NewsViewModel.swift in Sources */ = {isa = PBXBuildFile; fileRef = 3CB4D11E202C293300AB70B9 /* NewsViewModel.swift */; };
		3CB4D121202C4BB900AB70B9 /* Upload.swift in Sources */ = {isa = PBXBuildFile; fileRef = 3CB4D120202C4BB900AB70B9 /* Upload.swift */; };
		3CB4D127202C7BFC00AB70B9 /* SettingFAQViewController.swift in Sources */ = {isa = PBXBuildFile; fileRef = 3CB4D126202C7BFC00AB70B9 /* SettingFAQViewController.swift */; };
		3CB4D129202C821500AB70B9 /* SettingAboutViewController.swift in Sources */ = {isa = PBXBuildFile; fileRef = 3CB4D128202C821500AB70B9 /* SettingAboutViewController.swift */; };
		3CB4D12B202C8DBD00AB70B9 /* General.storyboard in Resources */ = {isa = PBXBuildFile; fileRef = 3CB4D12A202C8DBD00AB70B9 /* General.storyboard */; };
		3CB4D12D202C8E0500AB70B9 /* BlockChainViewController.swift in Sources */ = {isa = PBXBuildFile; fileRef = 3CB4D12C202C8E0500AB70B9 /* BlockChainViewController.swift */; };
		3CB4D12F202C8EE400AB70B9 /* GeneralViewModel.swift in Sources */ = {isa = PBXBuildFile; fileRef = 3CB4D12E202C8EE400AB70B9 /* GeneralViewModel.swift */; };
		3CB4D131202C8F0D00AB70B9 /* GeneralModel.swift in Sources */ = {isa = PBXBuildFile; fileRef = 3CB4D130202C8F0D00AB70B9 /* GeneralModel.swift */; };
		3CB55393201CB73F009AC1CD /* Log.swift in Sources */ = {isa = PBXBuildFile; fileRef = 3CB5537A201CB73F009AC1CD /* Log.swift */; };
		3CB55394201CB73F009AC1CD /* OnePixelConstraint.swift in Sources */ = {isa = PBXBuildFile; fileRef = 3CB5537B201CB73F009AC1CD /* OnePixelConstraint.swift */; };
		3CB55395201CB73F009AC1CD /* PortraitViewController.swift in Sources */ = {isa = PBXBuildFile; fileRef = 3CB5537C201CB73F009AC1CD /* PortraitViewController.swift */; };
		3CB55397201CB73F009AC1CD /* UIColor+Extension.swift in Sources */ = {isa = PBXBuildFile; fileRef = 3CB5537F201CB73F009AC1CD /* UIColor+Extension.swift */; };
		3CB55398201CB73F009AC1CD /* Date+Extension.swift in Sources */ = {isa = PBXBuildFile; fileRef = 3CB55380201CB73F009AC1CD /* Date+Extension.swift */; };
		3CB55399201CB73F009AC1CD /* UIButton+Extension.swift in Sources */ = {isa = PBXBuildFile; fileRef = 3CB55381201CB73F009AC1CD /* UIButton+Extension.swift */; };
		3CB5539A201CB73F009AC1CD /* UIView+Extension.swift in Sources */ = {isa = PBXBuildFile; fileRef = 3CB55382201CB73F009AC1CD /* UIView+Extension.swift */; };
		3CB5539B201CB73F009AC1CD /* UIImage+Extension.swift in Sources */ = {isa = PBXBuildFile; fileRef = 3CB55383201CB73F009AC1CD /* UIImage+Extension.swift */; };
		3CB5539D201CB73F009AC1CD /* String+Extension.swift in Sources */ = {isa = PBXBuildFile; fileRef = 3CB55385201CB73F009AC1CD /* String+Extension.swift */; };
		3CB5539E201CB73F009AC1CD /* Dictionary+Extension.swift in Sources */ = {isa = PBXBuildFile; fileRef = 3CB55386201CB73F009AC1CD /* Dictionary+Extension.swift */; };
		3CB553A0201CB73F009AC1CD /* LanguageHelper.swift in Sources */ = {isa = PBXBuildFile; fileRef = 3CB5538A201CB73F009AC1CD /* LanguageHelper.swift */; };
		3CB553A1201CB73F009AC1CD /* UserDefaultMacro.swift in Sources */ = {isa = PBXBuildFile; fileRef = 3CB5538C201CB73F009AC1CD /* UserDefaultMacro.swift */; };
		3CB553A2201CB73F009AC1CD /* NetworkMacro.swift in Sources */ = {isa = PBXBuildFile; fileRef = 3CB5538D201CB73F009AC1CD /* NetworkMacro.swift */; };
		3CB553A3201CB73F009AC1CD /* LanguageMacro.swift in Sources */ = {isa = PBXBuildFile; fileRef = 3CB5538E201CB73F009AC1CD /* LanguageMacro.swift */; };
		3CB553A4201CB73F009AC1CD /* NotificationMacro.swift in Sources */ = {isa = PBXBuildFile; fileRef = 3CB5538F201CB73F009AC1CD /* NotificationMacro.swift */; };
		3CB553A5201CB73F009AC1CD /* GlobalMacro.swift in Sources */ = {isa = PBXBuildFile; fileRef = 3CB55390201CB73F009AC1CD /* GlobalMacro.swift */; };
		3CD6AA1E2025EE4900EAEECA /* ProfileCell.swift in Sources */ = {isa = PBXBuildFile; fileRef = 3CD6AA1C2025EE4900EAEECA /* ProfileCell.swift */; };
		3CD6AA1F2025EE4900EAEECA /* ProfileCell.xib in Resources */ = {isa = PBXBuildFile; fileRef = 3CD6AA1D2025EE4900EAEECA /* ProfileCell.xib */; };
		3CD6AA222025F05F00EAEECA /* ProfielSettingCell.swift in Sources */ = {isa = PBXBuildFile; fileRef = 3CD6AA202025F05F00EAEECA /* ProfielSettingCell.swift */; };
		3CD6AA232025F05F00EAEECA /* ProfielSettingCell.xib in Resources */ = {isa = PBXBuildFile; fileRef = 3CD6AA212025F05F00EAEECA /* ProfielSettingCell.xib */; };
		3CD6AA262025F07900EAEECA /* ProfileQuitCell.swift in Sources */ = {isa = PBXBuildFile; fileRef = 3CD6AA242025F07900EAEECA /* ProfileQuitCell.swift */; };
		3CD6AA272025F07900EAEECA /* ProfileQuitCell.xib in Resources */ = {isa = PBXBuildFile; fileRef = 3CD6AA252025F07900EAEECA /* ProfileQuitCell.xib */; };
		3CD6AA292025F9D900EAEECA /* BaseNavigationController.swift in Sources */ = {isa = PBXBuildFile; fileRef = 3CD6AA282025F9D900EAEECA /* BaseNavigationController.swift */; };
		3CF364C42022A3ED003179E8 /* HTTPSessionManager.swift in Sources */ = {isa = PBXBuildFile; fileRef = 3CF364C32022A3ED003179E8 /* HTTPSessionManager.swift */; };
		3CF364F52022A916003179E8 /* Home.storyboard in Resources */ = {isa = PBXBuildFile; fileRef = 3CF364C72022A916003179E8 /* Home.storyboard */; };
		3CF364F62022A916003179E8 /* HomeTabBarController.swift in Sources */ = {isa = PBXBuildFile; fileRef = 3CF364C82022A916003179E8 /* HomeTabBarController.swift */; };
		3CF364F72022A916003179E8 /* DonateViewController.swift in Sources */ = {isa = PBXBuildFile; fileRef = 3CF364CA2022A916003179E8 /* DonateViewController.swift */; };
		3CF364F82022A916003179E8 /* Donate.storyboard in Resources */ = {isa = PBXBuildFile; fileRef = 3CF364CB2022A916003179E8 /* Donate.storyboard */; };
		3CF364F92022A916003179E8 /* LaunchScreen.storyboard in Resources */ = {isa = PBXBuildFile; fileRef = 3CF364CD2022A916003179E8 /* LaunchScreen.storyboard */; };
		3CF364FA2022A916003179E8 /* SplashViewController.swift in Sources */ = {isa = PBXBuildFile; fileRef = 3CF364CE2022A916003179E8 /* SplashViewController.swift */; };
		3CF364FB2022A916003179E8 /* Launch.storyboard in Resources */ = {isa = PBXBuildFile; fileRef = 3CF364CF2022A916003179E8 /* Launch.storyboard */; };
		3CF364FC2022A916003179E8 /* Business.storyboard in Resources */ = {isa = PBXBuildFile; fileRef = 3CF364D12022A916003179E8 /* Business.storyboard */; };
		3CF364FD2022A916003179E8 /* MapView.swift in Sources */ = {isa = PBXBuildFile; fileRef = 3CF364D22022A916003179E8 /* MapView.swift */; };
		3CF364FE2022A916003179E8 /* BusinessViewController.swift in Sources */ = {isa = PBXBuildFile; fileRef = 3CF364D32022A916003179E8 /* BusinessViewController.swift */; };
		3CF364FF2022A916003179E8 /* BusinessView.swift in Sources */ = {isa = PBXBuildFile; fileRef = 3CF364D42022A916003179E8 /* BusinessView.swift */; };
		3CF365002022A916003179E8 /* BusinessCell.swift in Sources */ = {isa = PBXBuildFile; fileRef = 3CF364D52022A916003179E8 /* BusinessCell.swift */; };
		3CF365012022A916003179E8 /* BusinessTitleView.xib in Resources */ = {isa = PBXBuildFile; fileRef = 3CF364D62022A916003179E8 /* BusinessTitleView.xib */; };
		3CF365022022A916003179E8 /* BusinessTitleView.swift in Sources */ = {isa = PBXBuildFile; fileRef = 3CF364D72022A916003179E8 /* BusinessTitleView.swift */; };
		3CF365032022A916003179E8 /* BusinessCell.xib in Resources */ = {isa = PBXBuildFile; fileRef = 3CF364D82022A916003179E8 /* BusinessCell.xib */; };
		3CF365042022A916003179E8 /* Register.storyboard in Resources */ = {isa = PBXBuildFile; fileRef = 3CF364DA2022A916003179E8 /* Register.storyboard */; };
		3CF365052022A916003179E8 /* Register2ViewController.swift in Sources */ = {isa = PBXBuildFile; fileRef = 3CF364DB2022A916003179E8 /* Register2ViewController.swift */; };
		3CF365062022A916003179E8 /* RegisterViewController.swift in Sources */ = {isa = PBXBuildFile; fileRef = 3CF364DC2022A916003179E8 /* RegisterViewController.swift */; };
		3CF365072022A916003179E8 /* Profile.storyboard in Resources */ = {isa = PBXBuildFile; fileRef = 3CF364DE2022A916003179E8 /* Profile.storyboard */; };
		3CF365092022A916003179E8 /* ProfileViewController.swift in Sources */ = {isa = PBXBuildFile; fileRef = 3CF364E02022A916003179E8 /* ProfileViewController.swift */; };
		3CF3650A2022A916003179E8 /* NewsCell.swift in Sources */ = {isa = PBXBuildFile; fileRef = 3CF364E22022A916003179E8 /* NewsCell.swift */; };
		3CF3650B2022A916003179E8 /* NewsViewController.swift in Sources */ = {isa = PBXBuildFile; fileRef = 3CF364E32022A916003179E8 /* NewsViewController.swift */; };
		3CF3650C2022A916003179E8 /* NewsHeaderView.xib in Resources */ = {isa = PBXBuildFile; fileRef = 3CF364E42022A916003179E8 /* NewsHeaderView.xib */; };
		3CF3650D2022A916003179E8 /* News.storyboard in Resources */ = {isa = PBXBuildFile; fileRef = 3CF364E52022A916003179E8 /* News.storyboard */; };
		3CF3650E2022A916003179E8 /* NewsCell.xib in Resources */ = {isa = PBXBuildFile; fileRef = 3CF364E62022A916003179E8 /* NewsCell.xib */; };
		3CF3650F2022A916003179E8 /* NewsHeaderView.swift in Sources */ = {isa = PBXBuildFile; fileRef = 3CF364E72022A916003179E8 /* NewsHeaderView.swift */; };
		3CF365102022A916003179E8 /* WalletCollectionViewCell.xib in Resources */ = {isa = PBXBuildFile; fileRef = 3CF364E92022A916003179E8 /* WalletCollectionViewCell.xib */; };
		3CF365112022A916003179E8 /* PersonalDonateView.swift in Sources */ = {isa = PBXBuildFile; fileRef = 3CF364EA2022A916003179E8 /* PersonalDonateView.swift */; };
		3CF365122022A916003179E8 /* WalletViewController.swift in Sources */ = {isa = PBXBuildFile; fileRef = 3CF364EB2022A916003179E8 /* WalletViewController.swift */; };
		3CF365132022A916003179E8 /* WalletCollectionViewCell.swift in Sources */ = {isa = PBXBuildFile; fileRef = 3CF364EC2022A916003179E8 /* WalletCollectionViewCell.swift */; };
		3CF365142022A916003179E8 /* BannnerView.swift in Sources */ = {isa = PBXBuildFile; fileRef = 3CF364ED2022A916003179E8 /* BannnerView.swift */; };
		3CF365152022A916003179E8 /* Wallet.storyboard in Resources */ = {isa = PBXBuildFile; fileRef = 3CF364EE2022A916003179E8 /* Wallet.storyboard */; };
		3CF365162022A916003179E8 /* PersonalDonateView.xib in Resources */ = {isa = PBXBuildFile; fileRef = 3CF364EF2022A916003179E8 /* PersonalDonateView.xib */; };
		3CF365172022A916003179E8 /* Login.storyboard in Resources */ = {isa = PBXBuildFile; fileRef = 3CF364F12022A916003179E8 /* Login.storyboard */; };
		3CF365182022A916003179E8 /* FotgotPwd2ViewController.swift in Sources */ = {isa = PBXBuildFile; fileRef = 3CF364F22022A916003179E8 /* FotgotPwd2ViewController.swift */; };
		3CF365192022A916003179E8 /* LoginViewController.swift in Sources */ = {isa = PBXBuildFile; fileRef = 3CF364F32022A916003179E8 /* LoginViewController.swift */; };
		3CF3651A2022A916003179E8 /* FotgotPwdViewController.swift in Sources */ = {isa = PBXBuildFile; fileRef = 3CF364F42022A916003179E8 /* FotgotPwdViewController.swift */; };
		3CF3651C2022A98D003179E8 /* RegisterModel.swift in Sources */ = {isa = PBXBuildFile; fileRef = 3CF3651B2022A98D003179E8 /* RegisterModel.swift */; };
		3CF3651E2022A9F2003179E8 /* RegiserViewModel.swift in Sources */ = {isa = PBXBuildFile; fileRef = 3CF3651D2022A9F2003179E8 /* RegiserViewModel.swift */; };
		3CF365212022D9AB003179E8 /* BaseViewModel.swift in Sources */ = {isa = PBXBuildFile; fileRef = 3CF365202022D9AB003179E8 /* BaseViewModel.swift */; };
		3CF365232022DA86003179E8 /* BaseRequestModel.swift in Sources */ = {isa = PBXBuildFile; fileRef = 3CF365222022DA86003179E8 /* BaseRequestModel.swift */; };
		3CF365252022DAAF003179E8 /* BaseResultModel.swift in Sources */ = {isa = PBXBuildFile; fileRef = 3CF365242022DAAF003179E8 /* BaseResultModel.swift */; };
		3CF365272022E52E003179E8 /* LoginModel.swift in Sources */ = {isa = PBXBuildFile; fileRef = 3CF365262022E52E003179E8 /* LoginModel.swift */; };
		3CF365292022E672003179E8 /* LoginViewModel.swift in Sources */ = {isa = PBXBuildFile; fileRef = 3CF365282022E672003179E8 /* LoginViewModel.swift */; };
		3CF3652B2022EB19003179E8 /* UIHelper.swift in Sources */ = {isa = PBXBuildFile; fileRef = 3CF3652A2022EB19003179E8 /* UIHelper.swift */; };
		3CF3652D2022EE8B003179E8 /* LaunchViewModel.swift in Sources */ = {isa = PBXBuildFile; fileRef = 3CF3652C2022EE8B003179E8 /* LaunchViewModel.swift */; };
		3CF3652F2022FADA003179E8 /* WalletViewModel.swift in Sources */ = {isa = PBXBuildFile; fileRef = 3CF3652E2022FADA003179E8 /* WalletViewModel.swift */; };
		3CF3653120231DA8003179E8 /* BusinessModel.swift in Sources */ = {isa = PBXBuildFile; fileRef = 3CF3653020231DA8003179E8 /* BusinessModel.swift */; };
		3CF3653320232377003179E8 /* BusinessViewModel.swift in Sources */ = {isa = PBXBuildFile; fileRef = 3CF3653220232377003179E8 /* BusinessViewModel.swift */; };
		3CF97C14201CB4AC00FB67DB /* Localizable.strings in Resources */ = {isa = PBXBuildFile; fileRef = 3CF97C16201CB4AC00FB67DB /* Localizable.strings */; };
		3CFD84F4201C9B5900F9E7E5 /* AppDelegate.swift in Sources */ = {isa = PBXBuildFile; fileRef = 3CFD84E7201C9B5800F9E7E5 /* AppDelegate.swift */; };
		3CFD84F5201C9B5900F9E7E5 /* Assets.xcassets in Resources */ = {isa = PBXBuildFile; fileRef = 3CFD84E9201C9B5900F9E7E5 /* Assets.xcassets */; };
		3CFD84F7201C9B5900F9E7E5 /* Info.plist in Resources */ = {isa = PBXBuildFile; fileRef = 3CFD84EE201C9B5900F9E7E5 /* Info.plist */; };
		A43A50E4E7F53329C5B11904 /* Pods_GC.framework in Frameworks */ = {isa = PBXBuildFile; fileRef = C19EB8A19ED869E797BC1EDA /* Pods_GC.framework */; };
/* End PBXBuildFile section */

/* Begin PBXFileReference section */
		3C19391420207E1700E7D007 /* points.png */ = {isa = PBXFileReference; lastKnownFileType = image.png; path = points.png; sourceTree = "<group>"; };
		3C1B0B37202D248500E059BD /* BusinessListViewController.swift */ = {isa = PBXFileReference; lastKnownFileType = sourcecode.swift; path = BusinessListViewController.swift; sourceTree = "<group>"; };
		3C1B0B39202D324100E059BD /* common_back@2x.png */ = {isa = PBXFileReference; lastKnownFileType = image.png; path = "common_back@2x.png"; sourceTree = "<group>"; };
		3C1B0B3A202D324100E059BD /* common_back@3x.png */ = {isa = PBXFileReference; lastKnownFileType = image.png; path = "common_back@3x.png"; sourceTree = "<group>"; };
		3C1B0B3D202D332F00E059BD /* BaseViewController.swift */ = {isa = PBXFileReference; lastKnownFileType = sourcecode.swift; path = BaseViewController.swift; sourceTree = "<group>"; };
		3C25DA3D201CC286003E4BFB /* UIImageView+Extension.swift */ = {isa = PBXFileReference; fileEncoding = 4; lastKnownFileType = sourcecode.swift; path = "UIImageView+Extension.swift"; sourceTree = "<group>"; };
		3C374617201DB866000FD752 /* splash.png */ = {isa = PBXFileReference; lastKnownFileType = image.png; path = splash.png; sourceTree = "<group>"; };
		3C374619201DBA14000FD752 /* BorderView.swift */ = {isa = PBXFileReference; fileEncoding = 4; lastKnownFileType = sourcecode.swift; path = BorderView.swift; sourceTree = "<group>"; };
		3C4B0709201EF7CA00856698 /* wallet_donate@3x.png */ = {isa = PBXFileReference; lastKnownFileType = image.png; path = "wallet_donate@3x.png"; sourceTree = "<group>"; };
		3C4B070A201EF7CA00856698 /* wallet_donate@2x.png */ = {isa = PBXFileReference; lastKnownFileType = image.png; path = "wallet_donate@2x.png"; sourceTree = "<group>"; };
		3C65505820243B8600FE0504 /* WalletCell.swift */ = {isa = PBXFileReference; lastKnownFileType = sourcecode.swift; path = WalletCell.swift; sourceTree = "<group>"; };
		3C65505920243B8600FE0504 /* WalletCell.xib */ = {isa = PBXFileReference; lastKnownFileType = file.xib; path = WalletCell.xib; sourceTree = "<group>"; };
		3C65505C20243D0300FE0504 /* WalletSectionCell.swift */ = {isa = PBXFileReference; lastKnownFileType = sourcecode.swift; path = WalletSectionCell.swift; sourceTree = "<group>"; };
		3C65505D20243D0300FE0504 /* WalletSectionCell.xib */ = {isa = PBXFileReference; lastKnownFileType = file.xib; path = WalletSectionCell.xib; sourceTree = "<group>"; };
		3C655060202445B000FE0504 /* WalletModel.swift */ = {isa = PBXFileReference; lastKnownFileType = sourcecode.swift; path = WalletModel.swift; sourceTree = "<group>"; };
		3C655062202589C100FE0504 /* libz.tbd */ = {isa = PBXFileReference; lastKnownFileType = "sourcecode.text-based-dylib-definition"; name = libz.tbd; path = usr/lib/libz.tbd; sourceTree = SDKROOT; };
		3C655064202589CE00FE0504 /* libicucore.tbd */ = {isa = PBXFileReference; lastKnownFileType = "sourcecode.text-based-dylib-definition"; name = libicucore.tbd; path = usr/lib/libicucore.tbd; sourceTree = SDKROOT; };
		3C655066202589D700FE0504 /* MessageUI.framework */ = {isa = PBXFileReference; lastKnownFileType = wrapper.framework; name = MessageUI.framework; path = System/Library/Frameworks/MessageUI.framework; sourceTree = SDKROOT; };
		3C655068202589E200FE0504 /* JavaScriptCore.framework */ = {isa = PBXFileReference; lastKnownFileType = wrapper.framework; name = JavaScriptCore.framework; path = System/Library/Frameworks/JavaScriptCore.framework; sourceTree = SDKROOT; };
		3C65506A202589F000FE0504 /* libstdc++.tbd */ = {isa = PBXFileReference; lastKnownFileType = "sourcecode.text-based-dylib-definition"; name = "libstdc++.tbd"; path = "usr/lib/libstdc++.tbd"; sourceTree = SDKROOT; };
		3C65506E2025934300FE0504 /* tab_donate_nor@3x.png */ = {isa = PBXFileReference; lastKnownFileType = image.png; path = "tab_donate_nor@3x.png"; sourceTree = "<group>"; };
		3C65506F2025934400FE0504 /* tab_donate_nor@2x.png */ = {isa = PBXFileReference; lastKnownFileType = image.png; path = "tab_donate_nor@2x.png"; sourceTree = "<group>"; };
		3C6550702025934400FE0504 /* tab_donate_sel@3x.png */ = {isa = PBXFileReference; lastKnownFileType = image.png; path = "tab_donate_sel@3x.png"; sourceTree = "<group>"; };
		3C6550712025934400FE0504 /* tab_donate_sel@2x.png */ = {isa = PBXFileReference; lastKnownFileType = image.png; path = "tab_donate_sel@2x.png"; sourceTree = "<group>"; };
		3C6550762025A3B900FE0504 /* img_frame.png */ = {isa = PBXFileReference; lastKnownFileType = image.png; path = img_frame.png; sourceTree = "<group>"; };
		3C6550792025DF7C00FE0504 /* DonateRecordViewController.swift */ = {isa = PBXFileReference; lastKnownFileType = sourcecode.swift; path = DonateRecordViewController.swift; sourceTree = "<group>"; };
		3C65507B2025E50E00FE0504 /* DonateRecordCell.swift */ = {isa = PBXFileReference; lastKnownFileType = sourcecode.swift; path = DonateRecordCell.swift; sourceTree = "<group>"; };
		3C65507C2025E50E00FE0504 /* DonateRecordCell.xib */ = {isa = PBXFileReference; lastKnownFileType = file.xib; path = DonateRecordCell.xib; sourceTree = "<group>"; };
		3C7E26C62026930400ED4B56 /* ProfileDetailAvatarCell.swift */ = {isa = PBXFileReference; fileEncoding = 4; lastKnownFileType = sourcecode.swift; path = ProfileDetailAvatarCell.swift; sourceTree = "<group>"; };
		3C7E26C72026930400ED4B56 /* ProfileDetailAvatarCell.xib */ = {isa = PBXFileReference; fileEncoding = 4; lastKnownFileType = file.xib; path = ProfileDetailAvatarCell.xib; sourceTree = "<group>"; };
		3C7E26C82026930400ED4B56 /* ProfileDetailOtherCell.swift */ = {isa = PBXFileReference; fileEncoding = 4; lastKnownFileType = sourcecode.swift; path = ProfileDetailOtherCell.swift; sourceTree = "<group>"; };
		3C7E26C92026930400ED4B56 /* ProfileDetailsViewController.swift */ = {isa = PBXFileReference; fileEncoding = 4; lastKnownFileType = sourcecode.swift; path = ProfileDetailsViewController.swift; sourceTree = "<group>"; };
		3C7E26CA2026930400ED4B56 /* ProfileDetailDescCell.xib */ = {isa = PBXFileReference; fileEncoding = 4; lastKnownFileType = file.xib; path = ProfileDetailDescCell.xib; sourceTree = "<group>"; };
		3C7E26CB2026930400ED4B56 /* ProfileDetailOtherCell.xib */ = {isa = PBXFileReference; fileEncoding = 4; lastKnownFileType = file.xib; path = ProfileDetailOtherCell.xib; sourceTree = "<group>"; };
		3C7E26CC2026930400ED4B56 /* ProfileDetailDescCell.swift */ = {isa = PBXFileReference; fileEncoding = 4; lastKnownFileType = sourcecode.swift; path = ProfileDetailDescCell.swift; sourceTree = "<group>"; };
		3C7E26D62026960100ED4B56 /* ProfileSettingViewController.swift */ = {isa = PBXFileReference; lastKnownFileType = sourcecode.swift; path = ProfileSettingViewController.swift; sourceTree = "<group>"; };
		3C7E26D8202698B000ED4B56 /* ProfileBusinessViewController.swift */ = {isa = PBXFileReference; lastKnownFileType = sourcecode.swift; path = ProfileBusinessViewController.swift; sourceTree = "<group>"; };
		3C8DCED5201D441000C9F40E /* UIKit.framework */ = {isa = PBXFileReference; lastKnownFileType = wrapper.framework; name = UIKit.framework; path = System/Library/Frameworks/UIKit.framework; sourceTree = SDKROOT; };
		3C8DCED7201D441D00C9F40E /* Foundation.framework */ = {isa = PBXFileReference; lastKnownFileType = wrapper.framework; name = Foundation.framework; path = System/Library/Frameworks/Foundation.framework; sourceTree = SDKROOT; };
		3C8DCEDA201D76C400C9F40E /* launch.png */ = {isa = PBXFileReference; lastKnownFileType = image.png; path = launch.png; sourceTree = "<group>"; };
		3C8DCEDC201D76C400C9F40E /* tab_business_nor@3x.png */ = {isa = PBXFileReference; lastKnownFileType = image.png; path = "tab_business_nor@3x.png"; sourceTree = "<group>"; };
		3C8DCEDD201D76C400C9F40E /* tab_wallet_sel@2x.png */ = {isa = PBXFileReference; lastKnownFileType = image.png; path = "tab_wallet_sel@2x.png"; sourceTree = "<group>"; };
		3C8DCEDE201D76C400C9F40E /* tab_news_nor@3x.png */ = {isa = PBXFileReference; lastKnownFileType = image.png; path = "tab_news_nor@3x.png"; sourceTree = "<group>"; };
		3C8DCEDF201D76C400C9F40E /* tab_profile_sel@3x.png */ = {isa = PBXFileReference; lastKnownFileType = image.png; path = "tab_profile_sel@3x.png"; sourceTree = "<group>"; };
		3C8DCEE0201D76C400C9F40E /* tab_profile_sel@2x.png */ = {isa = PBXFileReference; lastKnownFileType = image.png; path = "tab_profile_sel@2x.png"; sourceTree = "<group>"; };
		3C8DCEE1201D76C400C9F40E /* tab_news_nor@2x.png */ = {isa = PBXFileReference; lastKnownFileType = image.png; path = "tab_news_nor@2x.png"; sourceTree = "<group>"; };
		3C8DCEE2201D76C400C9F40E /* tab_wallet_sel@3x.png */ = {isa = PBXFileReference; lastKnownFileType = image.png; path = "tab_wallet_sel@3x.png"; sourceTree = "<group>"; };
		3C8DCEE3201D76C400C9F40E /* tab_business_nor@2x.png */ = {isa = PBXFileReference; lastKnownFileType = image.png; path = "tab_business_nor@2x.png"; sourceTree = "<group>"; };
		3C8DCEE4201D76C400C9F40E /* tab_profile_nor@3x.png */ = {isa = PBXFileReference; lastKnownFileType = image.png; path = "tab_profile_nor@3x.png"; sourceTree = "<group>"; };
		3C8DCEE5201D76C400C9F40E /* tab_news_sel@3x.png */ = {isa = PBXFileReference; lastKnownFileType = image.png; path = "tab_news_sel@3x.png"; sourceTree = "<group>"; };
		3C8DCEE6201D76C400C9F40E /* tab_wallet_nor@2x.png */ = {isa = PBXFileReference; lastKnownFileType = image.png; path = "tab_wallet_nor@2x.png"; sourceTree = "<group>"; };
		3C8DCEE7201D76C400C9F40E /* tab_business_sel@3x.png */ = {isa = PBXFileReference; lastKnownFileType = image.png; path = "tab_business_sel@3x.png"; sourceTree = "<group>"; };
		3C8DCEE8201D76C400C9F40E /* tab_business_sel@2x.png */ = {isa = PBXFileReference; lastKnownFileType = image.png; path = "tab_business_sel@2x.png"; sourceTree = "<group>"; };
		3C8DCEE9201D76C400C9F40E /* tab_wallet_nor@3x.png */ = {isa = PBXFileReference; lastKnownFileType = image.png; path = "tab_wallet_nor@3x.png"; sourceTree = "<group>"; };
		3C8DCEEA201D76C400C9F40E /* tab_news_sel@2x.png */ = {isa = PBXFileReference; lastKnownFileType = image.png; path = "tab_news_sel@2x.png"; sourceTree = "<group>"; };
		3C8DCEEB201D76C400C9F40E /* tab_profile_nor@2x.png */ = {isa = PBXFileReference; lastKnownFileType = image.png; path = "tab_profile_nor@2x.png"; sourceTree = "<group>"; };
		3C91FC27201F21C500BB492D /* news_header.png */ = {isa = PBXFileReference; lastKnownFileType = image.png; path = news_header.png; sourceTree = "<group>"; };
		3C91FC2A201F3A9D00BB492D /* avatar@3x.png */ = {isa = PBXFileReference; lastKnownFileType = image.png; path = "avatar@3x.png"; sourceTree = "<group>"; };
		3C91FC2B201F3A9D00BB492D /* avatar@2x.png */ = {isa = PBXFileReference; lastKnownFileType = image.png; path = "avatar@2x.png"; sourceTree = "<group>"; };
		3C91FC2F201F3C7C00BB492D /* common_forward@3x.png */ = {isa = PBXFileReference; lastKnownFileType = image.png; path = "common_forward@3x.png"; sourceTree = "<group>"; };
		3C91FC30201F3C7C00BB492D /* common_forward@2x.png */ = {isa = PBXFileReference; lastKnownFileType = image.png; path = "common_forward@2x.png"; sourceTree = "<group>"; };
		3CA33D9E202CAAFE003032A4 /* MapAroundView.xib */ = {isa = PBXFileReference; lastKnownFileType = file.xib; path = MapAroundView.xib; sourceTree = "<group>"; };
		3CA33DA0202CAB17003032A4 /* MapAroundView.swift */ = {isa = PBXFileReference; lastKnownFileType = sourcecode.swift; path = MapAroundView.swift; sourceTree = "<group>"; };
		3CA33DA2202CABA9003032A4 /* discover@3x.png */ = {isa = PBXFileReference; lastKnownFileType = image.png; path = "discover@3x.png"; sourceTree = "<group>"; };
		3CA33DA3202CABA9003032A4 /* discover@2x.png */ = {isa = PBXFileReference; lastKnownFileType = image.png; path = "discover@2x.png"; sourceTree = "<group>"; };
		3CB4D0F52029F03C00AB70B9 /* SplashModel.swift */ = {isa = PBXFileReference; lastKnownFileType = sourcecode.swift; path = SplashModel.swift; sourceTree = "<group>"; };
		3CB4D0F72029FE5100AB70B9 /* DonateRecordModel.swift */ = {isa = PBXFileReference; lastKnownFileType = sourcecode.swift; path = DonateRecordModel.swift; sourceTree = "<group>"; };
		3CB4D0F9202A011600AB70B9 /* NewsModel.swift */ = {isa = PBXFileReference; lastKnownFileType = sourcecode.swift; path = NewsModel.swift; sourceTree = "<group>"; };
		3CB4D0FB202A033200AB70B9 /* DonateModel.swift */ = {isa = PBXFileReference; lastKnownFileType = sourcecode.swift; path = DonateModel.swift; sourceTree = "<group>"; };
		3CB4D0FE202A044A00AB70B9 /* DonateDetailsModel.swift */ = {isa = PBXFileReference; lastKnownFileType = sourcecode.swift; path = DonateDetailsModel.swift; sourceTree = "<group>"; };
		3CB4D100202A05AF00AB70B9 /* ProfileModel.swift */ = {isa = PBXFileReference; lastKnownFileType = sourcecode.swift; path = ProfileModel.swift; sourceTree = "<group>"; };
		3CB4D10C202AF8D000AB70B9 /* AdView.xib */ = {isa = PBXFileReference; fileEncoding = 4; lastKnownFileType = file.xib; path = AdView.xib; sourceTree = "<group>"; };
		3CB4D10D202AF8D000AB70B9 /* AdView.swift */ = {isa = PBXFileReference; fileEncoding = 4; lastKnownFileType = sourcecode.swift; path = AdView.swift; sourceTree = "<group>"; };
		3CB4D110202B093600AB70B9 /* ProfileViewModel.swift */ = {isa = PBXFileReference; lastKnownFileType = sourcecode.swift; path = ProfileViewModel.swift; sourceTree = "<group>"; };
		3CB4D118202B488200AB70B9 /* ProfileSettingPwdViewController.swift */ = {isa = PBXFileReference; fileEncoding = 4; lastKnownFileType = sourcecode.swift; path = ProfileSettingPwdViewController.swift; sourceTree = "<group>"; };
		3CB4D11A202C194300AB70B9 /* DonateRecordViewModel.swift */ = {isa = PBXFileReference; lastKnownFileType = sourcecode.swift; path = DonateRecordViewModel.swift; sourceTree = "<group>"; };
		3CB4D11C202C241700AB70B9 /* Double+Extension.swift */ = {isa = PBXFileReference; lastKnownFileType = sourcecode.swift; path = "Double+Extension.swift"; sourceTree = "<group>"; };
		3CB4D11E202C293300AB70B9 /* NewsViewModel.swift */ = {isa = PBXFileReference; lastKnownFileType = sourcecode.swift; path = NewsViewModel.swift; sourceTree = "<group>"; };
		3CB4D120202C4BB900AB70B9 /* Upload.swift */ = {isa = PBXFileReference; lastKnownFileType = sourcecode.swift; path = Upload.swift; sourceTree = "<group>"; };
		3CB4D126202C7BFC00AB70B9 /* SettingFAQViewController.swift */ = {isa = PBXFileReference; lastKnownFileType = sourcecode.swift; path = SettingFAQViewController.swift; sourceTree = "<group>"; };
		3CB4D128202C821500AB70B9 /* SettingAboutViewController.swift */ = {isa = PBXFileReference; lastKnownFileType = sourcecode.swift; path = SettingAboutViewController.swift; sourceTree = "<group>"; };
		3CB4D12A202C8DBD00AB70B9 /* General.storyboard */ = {isa = PBXFileReference; lastKnownFileType = file.storyboard; path = General.storyboard; sourceTree = "<group>"; };
		3CB4D12C202C8E0500AB70B9 /* BlockChainViewController.swift */ = {isa = PBXFileReference; lastKnownFileType = sourcecode.swift; path = BlockChainViewController.swift; sourceTree = "<group>"; };
		3CB4D12E202C8EE400AB70B9 /* GeneralViewModel.swift */ = {isa = PBXFileReference; lastKnownFileType = sourcecode.swift; path = GeneralViewModel.swift; sourceTree = "<group>"; };
		3CB4D130202C8F0D00AB70B9 /* GeneralModel.swift */ = {isa = PBXFileReference; lastKnownFileType = sourcecode.swift; path = GeneralModel.swift; sourceTree = "<group>"; };
		3CB55370201CB5FD009AC1CD /* GC-Bridging-Header.h */ = {isa = PBXFileReference; fileEncoding = 4; lastKnownFileType = sourcecode.c.h; path = "GC-Bridging-Header.h"; sourceTree = "<group>"; };
		3CB5537A201CB73F009AC1CD /* Log.swift */ = {isa = PBXFileReference; fileEncoding = 4; lastKnownFileType = sourcecode.swift; path = Log.swift; sourceTree = "<group>"; };
		3CB5537B201CB73F009AC1CD /* OnePixelConstraint.swift */ = {isa = PBXFileReference; fileEncoding = 4; lastKnownFileType = sourcecode.swift; path = OnePixelConstraint.swift; sourceTree = "<group>"; };
		3CB5537C201CB73F009AC1CD /* PortraitViewController.swift */ = {isa = PBXFileReference; fileEncoding = 4; lastKnownFileType = sourcecode.swift; path = PortraitViewController.swift; sourceTree = "<group>"; };
		3CB5537F201CB73F009AC1CD /* UIColor+Extension.swift */ = {isa = PBXFileReference; fileEncoding = 4; lastKnownFileType = sourcecode.swift; path = "UIColor+Extension.swift"; sourceTree = "<group>"; };
		3CB55380201CB73F009AC1CD /* Date+Extension.swift */ = {isa = PBXFileReference; fileEncoding = 4; lastKnownFileType = sourcecode.swift; path = "Date+Extension.swift"; sourceTree = "<group>"; };
		3CB55381201CB73F009AC1CD /* UIButton+Extension.swift */ = {isa = PBXFileReference; fileEncoding = 4; lastKnownFileType = sourcecode.swift; path = "UIButton+Extension.swift"; sourceTree = "<group>"; };
		3CB55382201CB73F009AC1CD /* UIView+Extension.swift */ = {isa = PBXFileReference; fileEncoding = 4; lastKnownFileType = sourcecode.swift; path = "UIView+Extension.swift"; sourceTree = "<group>"; };
		3CB55383201CB73F009AC1CD /* UIImage+Extension.swift */ = {isa = PBXFileReference; fileEncoding = 4; lastKnownFileType = sourcecode.swift; path = "UIImage+Extension.swift"; sourceTree = "<group>"; };
		3CB55385201CB73F009AC1CD /* String+Extension.swift */ = {isa = PBXFileReference; fileEncoding = 4; lastKnownFileType = sourcecode.swift; path = "String+Extension.swift"; sourceTree = "<group>"; };
		3CB55386201CB73F009AC1CD /* Dictionary+Extension.swift */ = {isa = PBXFileReference; fileEncoding = 4; lastKnownFileType = sourcecode.swift; path = "Dictionary+Extension.swift"; sourceTree = "<group>"; };
		3CB5538A201CB73F009AC1CD /* LanguageHelper.swift */ = {isa = PBXFileReference; fileEncoding = 4; lastKnownFileType = sourcecode.swift; path = LanguageHelper.swift; sourceTree = "<group>"; };
		3CB5538C201CB73F009AC1CD /* UserDefaultMacro.swift */ = {isa = PBXFileReference; fileEncoding = 4; lastKnownFileType = sourcecode.swift; path = UserDefaultMacro.swift; sourceTree = "<group>"; };
		3CB5538D201CB73F009AC1CD /* NetworkMacro.swift */ = {isa = PBXFileReference; fileEncoding = 4; lastKnownFileType = sourcecode.swift; path = NetworkMacro.swift; sourceTree = "<group>"; };
		3CB5538E201CB73F009AC1CD /* LanguageMacro.swift */ = {isa = PBXFileReference; fileEncoding = 4; lastKnownFileType = sourcecode.swift; path = LanguageMacro.swift; sourceTree = "<group>"; };
		3CB5538F201CB73F009AC1CD /* NotificationMacro.swift */ = {isa = PBXFileReference; fileEncoding = 4; lastKnownFileType = sourcecode.swift; path = NotificationMacro.swift; sourceTree = "<group>"; };
		3CB55390201CB73F009AC1CD /* GlobalMacro.swift */ = {isa = PBXFileReference; fileEncoding = 4; lastKnownFileType = sourcecode.swift; path = GlobalMacro.swift; sourceTree = "<group>"; };
		3CD6AA1C2025EE4900EAEECA /* ProfileCell.swift */ = {isa = PBXFileReference; lastKnownFileType = sourcecode.swift; path = ProfileCell.swift; sourceTree = "<group>"; };
		3CD6AA1D2025EE4900EAEECA /* ProfileCell.xib */ = {isa = PBXFileReference; lastKnownFileType = file.xib; path = ProfileCell.xib; sourceTree = "<group>"; };
		3CD6AA202025F05F00EAEECA /* ProfielSettingCell.swift */ = {isa = PBXFileReference; lastKnownFileType = sourcecode.swift; path = ProfielSettingCell.swift; sourceTree = "<group>"; };
		3CD6AA212025F05F00EAEECA /* ProfielSettingCell.xib */ = {isa = PBXFileReference; lastKnownFileType = file.xib; path = ProfielSettingCell.xib; sourceTree = "<group>"; };
		3CD6AA242025F07900EAEECA /* ProfileQuitCell.swift */ = {isa = PBXFileReference; lastKnownFileType = sourcecode.swift; path = ProfileQuitCell.swift; sourceTree = "<group>"; };
		3CD6AA252025F07900EAEECA /* ProfileQuitCell.xib */ = {isa = PBXFileReference; lastKnownFileType = file.xib; path = ProfileQuitCell.xib; sourceTree = "<group>"; };
		3CD6AA282025F9D900EAEECA /* BaseNavigationController.swift */ = {isa = PBXFileReference; lastKnownFileType = sourcecode.swift; path = BaseNavigationController.swift; sourceTree = "<group>"; };
		3CF364C32022A3ED003179E8 /* HTTPSessionManager.swift */ = {isa = PBXFileReference; lastKnownFileType = sourcecode.swift; path = HTTPSessionManager.swift; sourceTree = "<group>"; };
		3CF364C72022A916003179E8 /* Home.storyboard */ = {isa = PBXFileReference; fileEncoding = 4; lastKnownFileType = file.storyboard; path = Home.storyboard; sourceTree = "<group>"; };
		3CF364C82022A916003179E8 /* HomeTabBarController.swift */ = {isa = PBXFileReference; fileEncoding = 4; lastKnownFileType = sourcecode.swift; path = HomeTabBarController.swift; sourceTree = "<group>"; };
		3CF364CA2022A916003179E8 /* DonateViewController.swift */ = {isa = PBXFileReference; fileEncoding = 4; lastKnownFileType = sourcecode.swift; path = DonateViewController.swift; sourceTree = "<group>"; };
		3CF364CB2022A916003179E8 /* Donate.storyboard */ = {isa = PBXFileReference; fileEncoding = 4; lastKnownFileType = file.storyboard; path = Donate.storyboard; sourceTree = "<group>"; };
		3CF364CD2022A916003179E8 /* LaunchScreen.storyboard */ = {isa = PBXFileReference; fileEncoding = 4; lastKnownFileType = file.storyboard; path = LaunchScreen.storyboard; sourceTree = "<group>"; };
		3CF364CE2022A916003179E8 /* SplashViewController.swift */ = {isa = PBXFileReference; fileEncoding = 4; lastKnownFileType = sourcecode.swift; path = SplashViewController.swift; sourceTree = "<group>"; };
		3CF364CF2022A916003179E8 /* Launch.storyboard */ = {isa = PBXFileReference; fileEncoding = 4; lastKnownFileType = file.storyboard; path = Launch.storyboard; sourceTree = "<group>"; };
		3CF364D12022A916003179E8 /* Business.storyboard */ = {isa = PBXFileReference; fileEncoding = 4; lastKnownFileType = file.storyboard; path = Business.storyboard; sourceTree = "<group>"; };
		3CF364D22022A916003179E8 /* MapView.swift */ = {isa = PBXFileReference; fileEncoding = 4; lastKnownFileType = sourcecode.swift; path = MapView.swift; sourceTree = "<group>"; };
		3CF364D32022A916003179E8 /* BusinessViewController.swift */ = {isa = PBXFileReference; fileEncoding = 4; lastKnownFileType = sourcecode.swift; path = BusinessViewController.swift; sourceTree = "<group>"; };
		3CF364D42022A916003179E8 /* BusinessView.swift */ = {isa = PBXFileReference; fileEncoding = 4; lastKnownFileType = sourcecode.swift; path = BusinessView.swift; sourceTree = "<group>"; };
		3CF364D52022A916003179E8 /* BusinessCell.swift */ = {isa = PBXFileReference; fileEncoding = 4; lastKnownFileType = sourcecode.swift; path = BusinessCell.swift; sourceTree = "<group>"; };
		3CF364D62022A916003179E8 /* BusinessTitleView.xib */ = {isa = PBXFileReference; fileEncoding = 4; lastKnownFileType = file.xib; path = BusinessTitleView.xib; sourceTree = "<group>"; };
		3CF364D72022A916003179E8 /* BusinessTitleView.swift */ = {isa = PBXFileReference; fileEncoding = 4; lastKnownFileType = sourcecode.swift; path = BusinessTitleView.swift; sourceTree = "<group>"; };
		3CF364D82022A916003179E8 /* BusinessCell.xib */ = {isa = PBXFileReference; fileEncoding = 4; lastKnownFileType = file.xib; path = BusinessCell.xib; sourceTree = "<group>"; };
		3CF364DA2022A916003179E8 /* Register.storyboard */ = {isa = PBXFileReference; fileEncoding = 4; lastKnownFileType = file.storyboard; path = Register.storyboard; sourceTree = "<group>"; };
		3CF364DB2022A916003179E8 /* Register2ViewController.swift */ = {isa = PBXFileReference; fileEncoding = 4; lastKnownFileType = sourcecode.swift; path = Register2ViewController.swift; sourceTree = "<group>"; };
		3CF364DC2022A916003179E8 /* RegisterViewController.swift */ = {isa = PBXFileReference; fileEncoding = 4; lastKnownFileType = sourcecode.swift; path = RegisterViewController.swift; sourceTree = "<group>"; };
		3CF364DE2022A916003179E8 /* Profile.storyboard */ = {isa = PBXFileReference; fileEncoding = 4; lastKnownFileType = file.storyboard; path = Profile.storyboard; sourceTree = "<group>"; };
		3CF364E02022A916003179E8 /* ProfileViewController.swift */ = {isa = PBXFileReference; fileEncoding = 4; lastKnownFileType = sourcecode.swift; path = ProfileViewController.swift; sourceTree = "<group>"; };
		3CF364E22022A916003179E8 /* NewsCell.swift */ = {isa = PBXFileReference; fileEncoding = 4; lastKnownFileType = sourcecode.swift; path = NewsCell.swift; sourceTree = "<group>"; };
		3CF364E32022A916003179E8 /* NewsViewController.swift */ = {isa = PBXFileReference; fileEncoding = 4; lastKnownFileType = sourcecode.swift; path = NewsViewController.swift; sourceTree = "<group>"; };
		3CF364E42022A916003179E8 /* NewsHeaderView.xib */ = {isa = PBXFileReference; fileEncoding = 4; lastKnownFileType = file.xib; path = NewsHeaderView.xib; sourceTree = "<group>"; };
		3CF364E52022A916003179E8 /* News.storyboard */ = {isa = PBXFileReference; fileEncoding = 4; lastKnownFileType = file.storyboard; path = News.storyboard; sourceTree = "<group>"; };
		3CF364E62022A916003179E8 /* NewsCell.xib */ = {isa = PBXFileReference; fileEncoding = 4; lastKnownFileType = file.xib; path = NewsCell.xib; sourceTree = "<group>"; };
		3CF364E72022A916003179E8 /* NewsHeaderView.swift */ = {isa = PBXFileReference; fileEncoding = 4; lastKnownFileType = sourcecode.swift; path = NewsHeaderView.swift; sourceTree = "<group>"; };
		3CF364E92022A916003179E8 /* WalletCollectionViewCell.xib */ = {isa = PBXFileReference; fileEncoding = 4; lastKnownFileType = file.xib; path = WalletCollectionViewCell.xib; sourceTree = "<group>"; };
		3CF364EA2022A916003179E8 /* PersonalDonateView.swift */ = {isa = PBXFileReference; fileEncoding = 4; lastKnownFileType = sourcecode.swift; path = PersonalDonateView.swift; sourceTree = "<group>"; };
		3CF364EB2022A916003179E8 /* WalletViewController.swift */ = {isa = PBXFileReference; fileEncoding = 4; lastKnownFileType = sourcecode.swift; path = WalletViewController.swift; sourceTree = "<group>"; };
		3CF364EC2022A916003179E8 /* WalletCollectionViewCell.swift */ = {isa = PBXFileReference; fileEncoding = 4; lastKnownFileType = sourcecode.swift; path = WalletCollectionViewCell.swift; sourceTree = "<group>"; };
		3CF364ED2022A916003179E8 /* BannnerView.swift */ = {isa = PBXFileReference; fileEncoding = 4; lastKnownFileType = sourcecode.swift; path = BannnerView.swift; sourceTree = "<group>"; };
		3CF364EE2022A916003179E8 /* Wallet.storyboard */ = {isa = PBXFileReference; fileEncoding = 4; lastKnownFileType = file.storyboard; path = Wallet.storyboard; sourceTree = "<group>"; };
		3CF364EF2022A916003179E8 /* PersonalDonateView.xib */ = {isa = PBXFileReference; fileEncoding = 4; lastKnownFileType = file.xib; path = PersonalDonateView.xib; sourceTree = "<group>"; };
		3CF364F12022A916003179E8 /* Login.storyboard */ = {isa = PBXFileReference; fileEncoding = 4; lastKnownFileType = file.storyboard; path = Login.storyboard; sourceTree = "<group>"; };
		3CF364F22022A916003179E8 /* FotgotPwd2ViewController.swift */ = {isa = PBXFileReference; fileEncoding = 4; lastKnownFileType = sourcecode.swift; path = FotgotPwd2ViewController.swift; sourceTree = "<group>"; };
		3CF364F32022A916003179E8 /* LoginViewController.swift */ = {isa = PBXFileReference; fileEncoding = 4; lastKnownFileType = sourcecode.swift; path = LoginViewController.swift; sourceTree = "<group>"; };
		3CF364F42022A916003179E8 /* FotgotPwdViewController.swift */ = {isa = PBXFileReference; fileEncoding = 4; lastKnownFileType = sourcecode.swift; path = FotgotPwdViewController.swift; sourceTree = "<group>"; };
		3CF3651B2022A98D003179E8 /* RegisterModel.swift */ = {isa = PBXFileReference; lastKnownFileType = sourcecode.swift; path = RegisterModel.swift; sourceTree = "<group>"; };
		3CF3651D2022A9F2003179E8 /* RegiserViewModel.swift */ = {isa = PBXFileReference; lastKnownFileType = sourcecode.swift; path = RegiserViewModel.swift; sourceTree = "<group>"; };
		3CF365202022D9AB003179E8 /* BaseViewModel.swift */ = {isa = PBXFileReference; lastKnownFileType = sourcecode.swift; path = BaseViewModel.swift; sourceTree = "<group>"; };
		3CF365222022DA86003179E8 /* BaseRequestModel.swift */ = {isa = PBXFileReference; lastKnownFileType = sourcecode.swift; path = BaseRequestModel.swift; sourceTree = "<group>"; };
		3CF365242022DAAF003179E8 /* BaseResultModel.swift */ = {isa = PBXFileReference; lastKnownFileType = sourcecode.swift; path = BaseResultModel.swift; sourceTree = "<group>"; };
		3CF365262022E52E003179E8 /* LoginModel.swift */ = {isa = PBXFileReference; lastKnownFileType = sourcecode.swift; path = LoginModel.swift; sourceTree = "<group>"; };
		3CF365282022E672003179E8 /* LoginViewModel.swift */ = {isa = PBXFileReference; lastKnownFileType = sourcecode.swift; path = LoginViewModel.swift; sourceTree = "<group>"; };
		3CF3652A2022EB19003179E8 /* UIHelper.swift */ = {isa = PBXFileReference; lastKnownFileType = sourcecode.swift; path = UIHelper.swift; sourceTree = "<group>"; };
		3CF3652C2022EE8B003179E8 /* LaunchViewModel.swift */ = {isa = PBXFileReference; lastKnownFileType = sourcecode.swift; path = LaunchViewModel.swift; sourceTree = "<group>"; };
		3CF3652E2022FADA003179E8 /* WalletViewModel.swift */ = {isa = PBXFileReference; lastKnownFileType = sourcecode.swift; path = WalletViewModel.swift; sourceTree = "<group>"; };
		3CF3653020231DA8003179E8 /* BusinessModel.swift */ = {isa = PBXFileReference; lastKnownFileType = sourcecode.swift; path = BusinessModel.swift; sourceTree = "<group>"; };
		3CF3653220232377003179E8 /* BusinessViewModel.swift */ = {isa = PBXFileReference; lastKnownFileType = sourcecode.swift; path = BusinessViewModel.swift; sourceTree = "<group>"; };
		3CF97C15201CB4AC00FB67DB /* en */ = {isa = PBXFileReference; lastKnownFileType = text.plist.strings; name = en; path = en.lproj/Localizable.strings; sourceTree = "<group>"; };
		3CF97C17201CB4C300FB67DB /* zh-Hans */ = {isa = PBXFileReference; lastKnownFileType = text.plist.strings; name = "zh-Hans"; path = "zh-Hans.lproj/Localizable.strings"; sourceTree = "<group>"; };
		3CFD84D0201C982E00F9E7E5 /* GC.app */ = {isa = PBXFileReference; explicitFileType = wrapper.application; includeInIndex = 0; path = GC.app; sourceTree = BUILT_PRODUCTS_DIR; };
		3CFD84E7201C9B5800F9E7E5 /* AppDelegate.swift */ = {isa = PBXFileReference; fileEncoding = 4; lastKnownFileType = sourcecode.swift; path = AppDelegate.swift; sourceTree = "<group>"; };
		3CFD84E9201C9B5900F9E7E5 /* Assets.xcassets */ = {isa = PBXFileReference; lastKnownFileType = folder.assetcatalog; path = Assets.xcassets; sourceTree = "<group>"; };
		3CFD84EE201C9B5900F9E7E5 /* Info.plist */ = {isa = PBXFileReference; fileEncoding = 4; lastKnownFileType = text.plist.xml; path = Info.plist; sourceTree = "<group>"; };
		BBEE1DAB0CF91082AD1F3A01 /* Pods-GC.release.xcconfig */ = {isa = PBXFileReference; includeInIndex = 1; lastKnownFileType = text.xcconfig; name = "Pods-GC.release.xcconfig"; path = "Pods/Target Support Files/Pods-GC/Pods-GC.release.xcconfig"; sourceTree = "<group>"; };
		C19EB8A19ED869E797BC1EDA /* Pods_GC.framework */ = {isa = PBXFileReference; explicitFileType = wrapper.framework; includeInIndex = 0; path = Pods_GC.framework; sourceTree = BUILT_PRODUCTS_DIR; };
		F43E3385E1A3FF1553B1E9E5 /* Pods-GC.debug.xcconfig */ = {isa = PBXFileReference; includeInIndex = 1; lastKnownFileType = text.xcconfig; name = "Pods-GC.debug.xcconfig"; path = "Pods/Target Support Files/Pods-GC/Pods-GC.debug.xcconfig"; sourceTree = "<group>"; };
/* End PBXFileReference section */

/* Begin PBXFrameworksBuildPhase section */
		3CFD84CD201C982E00F9E7E5 /* Frameworks */ = {
			isa = PBXFrameworksBuildPhase;
			buildActionMask = 2147483647;
			files = (
				3C65506B202589F000FE0504 /* libstdc++.tbd in Frameworks */,
				3C655069202589E200FE0504 /* JavaScriptCore.framework in Frameworks */,
				3C655067202589D700FE0504 /* MessageUI.framework in Frameworks */,
				3C655065202589CE00FE0504 /* libicucore.tbd in Frameworks */,
				3C655063202589C100FE0504 /* libz.tbd in Frameworks */,
				A43A50E4E7F53329C5B11904 /* Pods_GC.framework in Frameworks */,
			);
			runOnlyForDeploymentPostprocessing = 0;
		};
/* End PBXFrameworksBuildPhase section */

/* Begin PBXGroup section */
		3C19391320207E1700E7D007 /* Business */ = {
			isa = PBXGroup;
			children = (
				3CA33DA3202CABA9003032A4 /* discover@2x.png */,
				3CA33DA2202CABA9003032A4 /* discover@3x.png */,
				3C19391420207E1700E7D007 /* points.png */,
			);
			path = Business;
			sourceTree = "<group>";
		};
		3C4B0708201EF7CA00856698 /* Wallet */ = {
			isa = PBXGroup;
			children = (
				3C6550762025A3B900FE0504 /* img_frame.png */,
				3C4B0709201EF7CA00856698 /* wallet_donate@3x.png */,
				3C4B070A201EF7CA00856698 /* wallet_donate@2x.png */,
			);
			path = Wallet;
			sourceTree = "<group>";
		};
		3C6550782025DF5000FE0504 /* Donate */ = {
			isa = PBXGroup;
			children = (
				3C6550792025DF7C00FE0504 /* DonateRecordViewController.swift */,
				3C65507B2025E50E00FE0504 /* DonateRecordCell.swift */,
				3C65507C2025E50E00FE0504 /* DonateRecordCell.xib */,
				3CB4D0F72029FE5100AB70B9 /* DonateRecordModel.swift */,
				3CB4D11A202C194300AB70B9 /* DonateRecordViewModel.swift */,
			);
			path = Donate;
			sourceTree = "<group>";
		};
		3C7E26C52026930400ED4B56 /* Detail */ = {
			isa = PBXGroup;
			children = (
				3C7E26C92026930400ED4B56 /* ProfileDetailsViewController.swift */,
				3C7E26C62026930400ED4B56 /* ProfileDetailAvatarCell.swift */,
				3C7E26C72026930400ED4B56 /* ProfileDetailAvatarCell.xib */,
				3C7E26C82026930400ED4B56 /* ProfileDetailOtherCell.swift */,
				3C7E26CB2026930400ED4B56 /* ProfileDetailOtherCell.xib */,
				3C7E26CC2026930400ED4B56 /* ProfileDetailDescCell.swift */,
				3C7E26CA2026930400ED4B56 /* ProfileDetailDescCell.xib */,
			);
			path = Detail;
			sourceTree = "<group>";
		};
		3C7E26CD2026930400ED4B56 /* Setting */ = {
			isa = PBXGroup;
			children = (
				3C7E26D62026960100ED4B56 /* ProfileSettingViewController.swift */,
				3CB4D118202B488200AB70B9 /* ProfileSettingPwdViewController.swift */,
				3CB4D126202C7BFC00AB70B9 /* SettingFAQViewController.swift */,
				3CB4D128202C821500AB70B9 /* SettingAboutViewController.swift */,
			);
			path = Setting;
			sourceTree = "<group>";
		};
		3C7E26CE2026930400ED4B56 /* Business */ = {
			isa = PBXGroup;
			children = (
				3C7E26D8202698B000ED4B56 /* ProfileBusinessViewController.swift */,
			);
			path = Business;
			sourceTree = "<group>";
		};
		3C8DCED9201D76C400C9F40E /* Launch */ = {
			isa = PBXGroup;
			children = (
				3C374617201DB866000FD752 /* splash.png */,
				3C8DCEDA201D76C400C9F40E /* launch.png */,
			);
			path = Launch;
			sourceTree = "<group>";
		};
		3C8DCEDB201D76C400C9F40E /* Home */ = {
			isa = PBXGroup;
			children = (
				3C8DCEE3201D76C400C9F40E /* tab_business_nor@2x.png */,
				3C8DCEDC201D76C400C9F40E /* tab_business_nor@3x.png */,
				3C8DCEE8201D76C400C9F40E /* tab_business_sel@2x.png */,
				3C8DCEE7201D76C400C9F40E /* tab_business_sel@3x.png */,
				3C65506F2025934400FE0504 /* tab_donate_nor@2x.png */,
				3C65506E2025934300FE0504 /* tab_donate_nor@3x.png */,
				3C6550712025934400FE0504 /* tab_donate_sel@2x.png */,
				3C6550702025934400FE0504 /* tab_donate_sel@3x.png */,
				3C8DCEE1201D76C400C9F40E /* tab_news_nor@2x.png */,
				3C8DCEDE201D76C400C9F40E /* tab_news_nor@3x.png */,
				3C8DCEEA201D76C400C9F40E /* tab_news_sel@2x.png */,
				3C8DCEE5201D76C400C9F40E /* tab_news_sel@3x.png */,
				3C8DCEEB201D76C400C9F40E /* tab_profile_nor@2x.png */,
				3C8DCEE4201D76C400C9F40E /* tab_profile_nor@3x.png */,
				3C8DCEE0201D76C400C9F40E /* tab_profile_sel@2x.png */,
				3C8DCEDF201D76C400C9F40E /* tab_profile_sel@3x.png */,
				3C8DCEE6201D76C400C9F40E /* tab_wallet_nor@2x.png */,
				3C8DCEE9201D76C400C9F40E /* tab_wallet_nor@3x.png */,
				3C8DCEDD201D76C400C9F40E /* tab_wallet_sel@2x.png */,
				3C8DCEE2201D76C400C9F40E /* tab_wallet_sel@3x.png */,
			);
			path = Home;
			sourceTree = "<group>";
		};
		3C91FC26201F21C500BB492D /* Test */ = {
			isa = PBXGroup;
			children = (
				3C91FC27201F21C500BB492D /* news_header.png */,
			);
			path = Test;
			sourceTree = "<group>";
		};
		3C91FC29201F3A9D00BB492D /* Profile */ = {
			isa = PBXGroup;
			children = (
				3C91FC2A201F3A9D00BB492D /* avatar@3x.png */,
				3C91FC2B201F3A9D00BB492D /* avatar@2x.png */,
			);
			path = Profile;
			sourceTree = "<group>";
		};
		3C91FC2E201F3C7C00BB492D /* Common */ = {
			isa = PBXGroup;
			children = (
				3C1B0B39202D324100E059BD /* common_back@2x.png */,
				3C1B0B3A202D324100E059BD /* common_back@3x.png */,
				3C91FC2F201F3C7C00BB492D /* common_forward@3x.png */,
				3C91FC30201F3C7C00BB492D /* common_forward@2x.png */,
			);
			path = Common;
			sourceTree = "<group>";
		};
		3CB4D0FD202A043A00AB70B9 /* Details */ = {
			isa = PBXGroup;
			children = (
				3CB4D0FE202A044A00AB70B9 /* DonateDetailsModel.swift */,
			);
			path = Details;
			sourceTree = "<group>";
		};
		3CB55374201CB73F009AC1CD /* Vendors */ = {
			isa = PBXGroup;
			children = (
				3CB55375201CB73F009AC1CD /* AFNetworking */,
			);
			path = Vendors;
			sourceTree = "<group>";
		};
		3CB55375201CB73F009AC1CD /* AFNetworking */ = {
			isa = PBXGroup;
			children = (
				3CF364C32022A3ED003179E8 /* HTTPSessionManager.swift */,
				3CB4D120202C4BB900AB70B9 /* Upload.swift */,
			);
			path = AFNetworking;
			sourceTree = "<group>";
		};
		3CB55378201CB73F009AC1CD /* General */ = {
			isa = PBXGroup;
			children = (
				3CB55379201CB73F009AC1CD /* Classes */,
				3CB5537D201CB73F009AC1CD /* Extensions */,
				3CB55388201CB73F009AC1CD /* Views */,
			);
			path = General;
			sourceTree = "<group>";
		};
		3CB55379201CB73F009AC1CD /* Classes */ = {
			isa = PBXGroup;
			children = (
				3CB5537A201CB73F009AC1CD /* Log.swift */,
				3CB5537B201CB73F009AC1CD /* OnePixelConstraint.swift */,
				3CB5537C201CB73F009AC1CD /* PortraitViewController.swift */,
			);
			path = Classes;
			sourceTree = "<group>";
		};
		3CB5537D201CB73F009AC1CD /* Extensions */ = {
			isa = PBXGroup;
			children = (
				3C25DA3D201CC286003E4BFB /* UIImageView+Extension.swift */,
				3CB5537F201CB73F009AC1CD /* UIColor+Extension.swift */,
				3CB55380201CB73F009AC1CD /* Date+Extension.swift */,
				3CB55381201CB73F009AC1CD /* UIButton+Extension.swift */,
				3CB55382201CB73F009AC1CD /* UIView+Extension.swift */,
				3CB55383201CB73F009AC1CD /* UIImage+Extension.swift */,
				3CB55385201CB73F009AC1CD /* String+Extension.swift */,
				3CB55386201CB73F009AC1CD /* Dictionary+Extension.swift */,
				3CB4D11C202C241700AB70B9 /* Double+Extension.swift */,
			);
			path = Extensions;
			sourceTree = "<group>";
		};
		3CB55388201CB73F009AC1CD /* Views */ = {
			isa = PBXGroup;
			children = (
				3C374619201DBA14000FD752 /* BorderView.swift */,
			);
			path = Views;
			sourceTree = "<group>";
		};
		3CB55389201CB73F009AC1CD /* Helpers */ = {
			isa = PBXGroup;
			children = (
				3CB5538A201CB73F009AC1CD /* LanguageHelper.swift */,
				3CF3652A2022EB19003179E8 /* UIHelper.swift */,
			);
			path = Helpers;
			sourceTree = "<group>";
		};
		3CB5538B201CB73F009AC1CD /* Macros */ = {
			isa = PBXGroup;
			children = (
				3CB55390201CB73F009AC1CD /* GlobalMacro.swift */,
				3CB5538D201CB73F009AC1CD /* NetworkMacro.swift */,
				3CB5538F201CB73F009AC1CD /* NotificationMacro.swift */,
				3CB5538C201CB73F009AC1CD /* UserDefaultMacro.swift */,
				3CB5538E201CB73F009AC1CD /* LanguageMacro.swift */,
			);
			path = Macros;
			sourceTree = "<group>";
		};
		3CF364C52022A916003179E8 /* Sections */ = {
			isa = PBXGroup;
			children = (
				3CF3651F2022D99B003179E8 /* Base */,
				3CF364CC2022A916003179E8 /* Launch */,
				3CF364F02022A916003179E8 /* Login */,
				3CF364D92022A916003179E8 /* Register */,
				3CF364C62022A916003179E8 /* Home */,
				3CF364E82022A916003179E8 /* Wallet */,
				3CF364D02022A916003179E8 /* Business */,
				3CF364E12022A916003179E8 /* News */,
				3CF364C92022A916003179E8 /* Donate */,
				3CF364DD2022A916003179E8 /* Profile */,
			);
			path = Sections;
			sourceTree = "<group>";
		};
		3CF364C62022A916003179E8 /* Home */ = {
			isa = PBXGroup;
			children = (
				3CF364C72022A916003179E8 /* Home.storyboard */,
				3CF364C82022A916003179E8 /* HomeTabBarController.swift */,
			);
			path = Home;
			sourceTree = "<group>";
		};
		3CF364C92022A916003179E8 /* Donate */ = {
			isa = PBXGroup;
			children = (
				3CB4D0FD202A043A00AB70B9 /* Details */,
				3CF364CB2022A916003179E8 /* Donate.storyboard */,
				3CF364CA2022A916003179E8 /* DonateViewController.swift */,
				3CB4D0FB202A033200AB70B9 /* DonateModel.swift */,
			);
			path = Donate;
			sourceTree = "<group>";
		};
		3CF364CC2022A916003179E8 /* Launch */ = {
			isa = PBXGroup;
			children = (
				3CF364CD2022A916003179E8 /* LaunchScreen.storyboard */,
				3CF364CF2022A916003179E8 /* Launch.storyboard */,
				3CF364CE2022A916003179E8 /* SplashViewController.swift */,
				3CB4D0F52029F03C00AB70B9 /* SplashModel.swift */,
				3CF3652C2022EE8B003179E8 /* LaunchViewModel.swift */,
			);
			path = Launch;
			sourceTree = "<group>";
		};
		3CF364D02022A916003179E8 /* Business */ = {
			isa = PBXGroup;
			children = (
				3CF364D12022A916003179E8 /* Business.storyboard */,
				3CF364D32022A916003179E8 /* BusinessViewController.swift */,
				3CF364D72022A916003179E8 /* BusinessTitleView.swift */,
				3CF364D62022A916003179E8 /* BusinessTitleView.xib */,
				3CF364D42022A916003179E8 /* BusinessView.swift */,
				3CF364D52022A916003179E8 /* BusinessCell.swift */,
				3CF364D82022A916003179E8 /* BusinessCell.xib */,
				3CF3653220232377003179E8 /* BusinessViewModel.swift */,
				3CF3653020231DA8003179E8 /* BusinessModel.swift */,
				3CF364D22022A916003179E8 /* MapView.swift */,
				3CA33DA0202CAB17003032A4 /* MapAroundView.swift */,
				3CA33D9E202CAAFE003032A4 /* MapAroundView.xib */,
				3C1B0B37202D248500E059BD /* BusinessListViewController.swift */,
			);
			path = Business;
			sourceTree = "<group>";
		};
		3CF364D92022A916003179E8 /* Register */ = {
			isa = PBXGroup;
			children = (
				3CF364DA2022A916003179E8 /* Register.storyboard */,
				3CF364DC2022A916003179E8 /* RegisterViewController.swift */,
				3CF364DB2022A916003179E8 /* Register2ViewController.swift */,
				3CF3651B2022A98D003179E8 /* RegisterModel.swift */,
				3CF3651D2022A9F2003179E8 /* RegiserViewModel.swift */,
			);
			path = Register;
			sourceTree = "<group>";
		};
		3CF364DD2022A916003179E8 /* Profile */ = {
			isa = PBXGroup;
			children = (
				3C7E26C52026930400ED4B56 /* Detail */,
				3C7E26CD2026930400ED4B56 /* Setting */,
				3C7E26CE2026930400ED4B56 /* Business */,
				3CF364DE2022A916003179E8 /* Profile.storyboard */,
				3CF364E02022A916003179E8 /* ProfileViewController.swift */,
				3CD6AA1C2025EE4900EAEECA /* ProfileCell.swift */,
				3CD6AA1D2025EE4900EAEECA /* ProfileCell.xib */,
				3CD6AA202025F05F00EAEECA /* ProfielSettingCell.swift */,
				3CD6AA212025F05F00EAEECA /* ProfielSettingCell.xib */,
				3CD6AA242025F07900EAEECA /* ProfileQuitCell.swift */,
				3CD6AA252025F07900EAEECA /* ProfileQuitCell.xib */,
				3CB4D100202A05AF00AB70B9 /* ProfileModel.swift */,
				3CB4D110202B093600AB70B9 /* ProfileViewModel.swift */,
			);
			path = Profile;
			sourceTree = "<group>";
		};
		3CF364E12022A916003179E8 /* News */ = {
			isa = PBXGroup;
			children = (
				3CF364E52022A916003179E8 /* News.storyboard */,
				3CF364E32022A916003179E8 /* NewsViewController.swift */,
				3CF364E72022A916003179E8 /* NewsHeaderView.swift */,
				3CF364E42022A916003179E8 /* NewsHeaderView.xib */,
				3CF364E22022A916003179E8 /* NewsCell.swift */,
				3CF364E62022A916003179E8 /* NewsCell.xib */,
				3CB4D0F9202A011600AB70B9 /* NewsModel.swift */,
				3CB4D11E202C293300AB70B9 /* NewsViewModel.swift */,
			);
			path = News;
			sourceTree = "<group>";
		};
		3CF364E82022A916003179E8 /* Wallet */ = {
			isa = PBXGroup;
			children = (
				3C6550782025DF5000FE0504 /* Donate */,
				3CF364EE2022A916003179E8 /* Wallet.storyboard */,
				3CF364EB2022A916003179E8 /* WalletViewController.swift */,
				3CF364ED2022A916003179E8 /* BannnerView.swift */,
				3CF364EA2022A916003179E8 /* PersonalDonateView.swift */,
				3CF364EF2022A916003179E8 /* PersonalDonateView.xib */,
				3C65505C20243D0300FE0504 /* WalletSectionCell.swift */,
				3C65505D20243D0300FE0504 /* WalletSectionCell.xib */,
				3C65505820243B8600FE0504 /* WalletCell.swift */,
				3C65505920243B8600FE0504 /* WalletCell.xib */,
				3CF364EC2022A916003179E8 /* WalletCollectionViewCell.swift */,
				3CF364E92022A916003179E8 /* WalletCollectionViewCell.xib */,
				3C655060202445B000FE0504 /* WalletModel.swift */,
				3CF3652E2022FADA003179E8 /* WalletViewModel.swift */,
			);
			path = Wallet;
			sourceTree = "<group>";
		};
		3CF364F02022A916003179E8 /* Login */ = {
			isa = PBXGroup;
			children = (
				3CF364F12022A916003179E8 /* Login.storyboard */,
				3CF364F32022A916003179E8 /* LoginViewController.swift */,
				3CF365262022E52E003179E8 /* LoginModel.swift */,
				3CF365282022E672003179E8 /* LoginViewModel.swift */,
				3CF364F42022A916003179E8 /* FotgotPwdViewController.swift */,
				3CF364F22022A916003179E8 /* FotgotPwd2ViewController.swift */,
			);
			path = Login;
			sourceTree = "<group>";
		};
		3CF3651F2022D99B003179E8 /* Base */ = {
			isa = PBXGroup;
			children = (
				3CB4D10D202AF8D000AB70B9 /* AdView.swift */,
				3CB4D10C202AF8D000AB70B9 /* AdView.xib */,
				3C1B0B3D202D332F00E059BD /* BaseViewController.swift */,
				3CD6AA282025F9D900EAEECA /* BaseNavigationController.swift */,
				3CF365202022D9AB003179E8 /* BaseViewModel.swift */,
				3CF365222022DA86003179E8 /* BaseRequestModel.swift */,
				3CF365242022DAAF003179E8 /* BaseResultModel.swift */,
				3CB4D12A202C8DBD00AB70B9 /* General.storyboard */,
				3CB4D12C202C8E0500AB70B9 /* BlockChainViewController.swift */,
				3CB4D130202C8F0D00AB70B9 /* GeneralModel.swift */,
				3CB4D12E202C8EE400AB70B9 /* GeneralViewModel.swift */,
			);
			path = Base;
			sourceTree = "<group>";
		};
		3CFD84C7201C982E00F9E7E5 = {
			isa = PBXGroup;
			children = (
				3CFD84D2201C982E00F9E7E5 /* GC */,
				3CFD84D1201C982E00F9E7E5 /* Products */,
				416331E48D0B01B4C2A28B04 /* Pods */,
				5208CF88CE219A4C1CD4DB54 /* Frameworks */,
			);
			sourceTree = "<group>";
		};
		3CFD84D1201C982E00F9E7E5 /* Products */ = {
			isa = PBXGroup;
			children = (
				3CFD84D0201C982E00F9E7E5 /* GC.app */,
			);
			name = Products;
			sourceTree = "<group>";
		};
		3CFD84D2201C982E00F9E7E5 /* GC */ = {
			isa = PBXGroup;
			children = (
				3CFD84E6201C9B5800F9E7E5 /* AppDelegate */,
				3CB55378201CB73F009AC1CD /* General */,
				3CB5538B201CB73F009AC1CD /* Macros */,
				3CB55374201CB73F009AC1CD /* Vendors */,
				3CB55389201CB73F009AC1CD /* Helpers */,
				3CF364C52022A916003179E8 /* Sections */,
				3CFD84ED201C9B5900F9E7E5 /* Config */,
				3CFD84E8201C9B5900F9E7E5 /* Resource */,
			);
			path = GC;
			sourceTree = "<group>";
		};
		3CFD84E6201C9B5800F9E7E5 /* AppDelegate */ = {
			isa = PBXGroup;
			children = (
				3CFD84E7201C9B5800F9E7E5 /* AppDelegate.swift */,
			);
			path = AppDelegate;
			sourceTree = "<group>";
		};
		3CFD84E8201C9B5900F9E7E5 /* Resource */ = {
			isa = PBXGroup;
			children = (
				3CFD84E9201C9B5900F9E7E5 /* Assets.xcassets */,
				3CFD84EA201C9B5900F9E7E5 /* Language */,
				3CFD84EB201C9B5900F9E7E5 /* Image */,
			);
			path = Resource;
			sourceTree = "<group>";
		};
		3CFD84EA201C9B5900F9E7E5 /* Language */ = {
			isa = PBXGroup;
			children = (
				3CF97C16201CB4AC00FB67DB /* Localizable.strings */,
			);
			path = Language;
			sourceTree = "<group>";
		};
		3CFD84EB201C9B5900F9E7E5 /* Image */ = {
			isa = PBXGroup;
			children = (
				3C8DCED9201D76C400C9F40E /* Launch */,
				3C8DCEDB201D76C400C9F40E /* Home */,
				3C4B0708201EF7CA00856698 /* Wallet */,
				3C19391320207E1700E7D007 /* Business */,
				3C91FC29201F3A9D00BB492D /* Profile */,
				3C91FC2E201F3C7C00BB492D /* Common */,
				3C91FC26201F21C500BB492D /* Test */,
			);
			path = Image;
			sourceTree = "<group>";
		};
		3CFD84ED201C9B5900F9E7E5 /* Config */ = {
			isa = PBXGroup;
			children = (
				3CFD84EE201C9B5900F9E7E5 /* Info.plist */,
				3CB55370201CB5FD009AC1CD /* GC-Bridging-Header.h */,
			);
			path = Config;
			sourceTree = "<group>";
		};
		416331E48D0B01B4C2A28B04 /* Pods */ = {
			isa = PBXGroup;
			children = (
				F43E3385E1A3FF1553B1E9E5 /* Pods-GC.debug.xcconfig */,
				BBEE1DAB0CF91082AD1F3A01 /* Pods-GC.release.xcconfig */,
			);
			name = Pods;
			sourceTree = "<group>";
		};
		5208CF88CE219A4C1CD4DB54 /* Frameworks */ = {
			isa = PBXGroup;
			children = (
				3C65506A202589F000FE0504 /* libstdc++.tbd */,
				3C655068202589E200FE0504 /* JavaScriptCore.framework */,
				3C655066202589D700FE0504 /* MessageUI.framework */,
				3C655064202589CE00FE0504 /* libicucore.tbd */,
				3C655062202589C100FE0504 /* libz.tbd */,
				3C8DCED7201D441D00C9F40E /* Foundation.framework */,
				3C8DCED5201D441000C9F40E /* UIKit.framework */,
				C19EB8A19ED869E797BC1EDA /* Pods_GC.framework */,
			);
			name = Frameworks;
			sourceTree = "<group>";
		};
/* End PBXGroup section */

/* Begin PBXNativeTarget section */
		3CFD84CF201C982E00F9E7E5 /* GC */ = {
			isa = PBXNativeTarget;
			buildConfigurationList = 3CFD84E2201C982E00F9E7E5 /* Build configuration list for PBXNativeTarget "GC" */;
			buildPhases = (
				F1502FED886835C1F7320915 /* [CP] Check Pods Manifest.lock */,
				3CFD84CC201C982E00F9E7E5 /* Sources */,
				3CFD84CD201C982E00F9E7E5 /* Frameworks */,
				3CFD84CE201C982E00F9E7E5 /* Resources */,
				4D138BF8B1019D2B6FAA98E0 /* [CP] Embed Pods Frameworks */,
				A666C30AFDD6743D897F252E /* [CP] Copy Pods Resources */,
			);
			buildRules = (
			);
			dependencies = (
			);
			name = GC;
			productName = GC;
			productReference = 3CFD84D0201C982E00F9E7E5 /* GC.app */;
			productType = "com.apple.product-type.application";
		};
/* End PBXNativeTarget section */

/* Begin PBXProject section */
		3CFD84C8201C982E00F9E7E5 /* Project object */ = {
			isa = PBXProject;
			attributes = {
				LastSwiftUpdateCheck = 0920;
				LastUpgradeCheck = 0920;
				ORGANIZATIONNAME = demo;
				TargetAttributes = {
					3CFD84CF201C982E00F9E7E5 = {
						CreatedOnToolsVersion = 9.2;
						LastSwiftMigration = 0920;
						ProvisioningStyle = Manual;
					};
				};
			};
			buildConfigurationList = 3CFD84CB201C982E00F9E7E5 /* Build configuration list for PBXProject "GC" */;
			compatibilityVersion = "Xcode 8.0";
			developmentRegion = en;
			hasScannedForEncodings = 0;
			knownRegions = (
				en,
				Base,
				"zh-Hans",
			);
			mainGroup = 3CFD84C7201C982E00F9E7E5;
			productRefGroup = 3CFD84D1201C982E00F9E7E5 /* Products */;
			projectDirPath = "";
			projectRoot = "";
			targets = (
				3CFD84CF201C982E00F9E7E5 /* GC */,
			);
		};
/* End PBXProject section */

/* Begin PBXResourcesBuildPhase section */
		3CFD84CE201C982E00F9E7E5 /* Resources */ = {
			isa = PBXResourcesBuildPhase;
			buildActionMask = 2147483647;
			files = (
				3C8DCEF1201D76C400C9F40E /* tab_profile_sel@2x.png in Resources */,
				3C6550732025934400FE0504 /* tab_donate_nor@2x.png in Resources */,
				3CF365102022A916003179E8 /* WalletCollectionViewCell.xib in Resources */,
				3C1B0B3C202D324100E059BD /* common_back@3x.png in Resources */,
				3C8DCEF2201D76C400C9F40E /* tab_news_nor@2x.png in Resources */,
				3C8DCEEE201D76C400C9F40E /* tab_wallet_sel@2x.png in Resources */,
				3C8DCEF7201D76C400C9F40E /* tab_wallet_nor@2x.png in Resources */,
				3CF3650E2022A916003179E8 /* NewsCell.xib in Resources */,
				3C8DCEF5201D76C400C9F40E /* tab_profile_nor@3x.png in Resources */,
				3CD6AA272025F07900EAEECA /* ProfileQuitCell.xib in Resources */,
				3CF365032022A916003179E8 /* BusinessCell.xib in Resources */,
				3CF365172022A916003179E8 /* Login.storyboard in Resources */,
				3CA33DA5202CABAA003032A4 /* discover@2x.png in Resources */,
				3CFD84F5201C9B5900F9E7E5 /* Assets.xcassets in Resources */,
				3C91FC32201F3C7C00BB492D /* common_forward@2x.png in Resources */,
				3C1B0B3B202D324100E059BD /* common_back@2x.png in Resources */,
				3C7E26D32026930400ED4B56 /* ProfileDetailDescCell.xib in Resources */,
				3C19391520207E1800E7D007 /* points.png in Resources */,
				3CF364FC2022A916003179E8 /* Business.storyboard in Resources */,
				3CF364FB2022A916003179E8 /* Launch.storyboard in Resources */,
				3CD6AA1F2025EE4900EAEECA /* ProfileCell.xib in Resources */,
				3CD6AA232025F05F00EAEECA /* ProfielSettingCell.xib in Resources */,
				3C6550772025A3BA00FE0504 /* img_frame.png in Resources */,
				3C374618201DB866000FD752 /* splash.png in Resources */,
				3CF364F92022A916003179E8 /* LaunchScreen.storyboard in Resources */,
				3C8DCEEF201D76C400C9F40E /* tab_news_nor@3x.png in Resources */,
				3CF97C14201CB4AC00FB67DB /* Localizable.strings in Resources */,
				3C6550722025934400FE0504 /* tab_donate_nor@3x.png in Resources */,
				3C8DCEED201D76C400C9F40E /* tab_business_nor@3x.png in Resources */,
				3CF364F82022A916003179E8 /* Donate.storyboard in Resources */,
				3C65505B20243B8600FE0504 /* WalletCell.xib in Resources */,
				3CB4D12B202C8DBD00AB70B9 /* General.storyboard in Resources */,
				3CFD84F7201C9B5900F9E7E5 /* Info.plist in Resources */,
				3C91FC28201F21C500BB492D /* news_header.png in Resources */,
				3C8DCEF6201D76C400C9F40E /* tab_news_sel@3x.png in Resources */,
				3CF365072022A916003179E8 /* Profile.storyboard in Resources */,
				3C6550742025934400FE0504 /* tab_donate_sel@3x.png in Resources */,
				3C8DCEF9201D76C400C9F40E /* tab_business_sel@2x.png in Resources */,
				3C65505F20243D0300FE0504 /* WalletSectionCell.xib in Resources */,
				3CB4D10E202AF8D000AB70B9 /* AdView.xib in Resources */,
				3C8DCEF4201D76C400C9F40E /* tab_business_nor@2x.png in Resources */,
				3C8DCEF0201D76C400C9F40E /* tab_profile_sel@3x.png in Resources */,
				3C8DCEFA201D76C400C9F40E /* tab_wallet_nor@3x.png in Resources */,
				3C4B070C201EF7CA00856698 /* wallet_donate@2x.png in Resources */,
				3C91FC31201F3C7C00BB492D /* common_forward@3x.png in Resources */,
				3C7E26D42026930500ED4B56 /* ProfileDetailOtherCell.xib in Resources */,
				3CF3650D2022A916003179E8 /* News.storyboard in Resources */,
				3CA33D9F202CAAFE003032A4 /* MapAroundView.xib in Resources */,
				3C65507E2025E50E00FE0504 /* DonateRecordCell.xib in Resources */,
				3CF364F52022A916003179E8 /* Home.storyboard in Resources */,
				3C8DCEEC201D76C400C9F40E /* launch.png in Resources */,
				3CF365012022A916003179E8 /* BusinessTitleView.xib in Resources */,
				3C4B070B201EF7CA00856698 /* wallet_donate@3x.png in Resources */,
				3C8DCEF3201D76C400C9F40E /* tab_wallet_sel@3x.png in Resources */,
				3C7E26D02026930400ED4B56 /* ProfileDetailAvatarCell.xib in Resources */,
				3C8DCEF8201D76C400C9F40E /* tab_business_sel@3x.png in Resources */,
				3CA33DA4202CABAA003032A4 /* discover@3x.png in Resources */,
				3C91FC2C201F3A9E00BB492D /* avatar@3x.png in Resources */,
				3CF365162022A916003179E8 /* PersonalDonateView.xib in Resources */,
				3CF365042022A916003179E8 /* Register.storyboard in Resources */,
				3CF365152022A916003179E8 /* Wallet.storyboard in Resources */,
				3C91FC2D201F3A9E00BB492D /* avatar@2x.png in Resources */,
				3CF3650C2022A916003179E8 /* NewsHeaderView.xib in Resources */,
				3C8DCEFB201D76C400C9F40E /* tab_news_sel@2x.png in Resources */,
				3C8DCEFC201D76C400C9F40E /* tab_profile_nor@2x.png in Resources */,
				3C6550752025934400FE0504 /* tab_donate_sel@2x.png in Resources */,
			);
			runOnlyForDeploymentPostprocessing = 0;
		};
/* End PBXResourcesBuildPhase section */

/* Begin PBXShellScriptBuildPhase section */
		4D138BF8B1019D2B6FAA98E0 /* [CP] Embed Pods Frameworks */ = {
			isa = PBXShellScriptBuildPhase;
			buildActionMask = 2147483647;
			files = (
			);
			inputPaths = (
				"${SRCROOT}/Pods/Target Support Files/Pods-GC/Pods-GC-frameworks.sh",
				"${BUILT_PRODUCTS_DIR}/AFNetworking/AFNetworking.framework",
				"${BUILT_PRODUCTS_DIR}/MJExtension/MJExtension.framework",
				"${BUILT_PRODUCTS_DIR}/MJRefresh/MJRefresh.framework",
				"${BUILT_PRODUCTS_DIR}/SDWebImage/SDWebImage.framework",
				"${BUILT_PRODUCTS_DIR}/SnapKit/SnapKit.framework",
				"${BUILT_PRODUCTS_DIR}/Toast-Swift/Toast_Swift.framework",
			);
			name = "[CP] Embed Pods Frameworks";
			outputPaths = (
				"${TARGET_BUILD_DIR}/${FRAMEWORKS_FOLDER_PATH}/AFNetworking.framework",
				"${TARGET_BUILD_DIR}/${FRAMEWORKS_FOLDER_PATH}/MJExtension.framework",
				"${TARGET_BUILD_DIR}/${FRAMEWORKS_FOLDER_PATH}/MJRefresh.framework",
				"${TARGET_BUILD_DIR}/${FRAMEWORKS_FOLDER_PATH}/SDWebImage.framework",
				"${TARGET_BUILD_DIR}/${FRAMEWORKS_FOLDER_PATH}/SnapKit.framework",
				"${TARGET_BUILD_DIR}/${FRAMEWORKS_FOLDER_PATH}/Toast_Swift.framework",
			);
			runOnlyForDeploymentPostprocessing = 0;
			shellPath = /bin/sh;
			shellScript = "\"${SRCROOT}/Pods/Target Support Files/Pods-GC/Pods-GC-frameworks.sh\"\n";
			showEnvVarsInLog = 0;
		};
		A666C30AFDD6743D897F252E /* [CP] Copy Pods Resources */ = {
			isa = PBXShellScriptBuildPhase;
			buildActionMask = 2147483647;
			files = (
			);
			inputPaths = (
				"${SRCROOT}/Pods/Target Support Files/Pods-GC/Pods-GC-resources.sh",
				"${PODS_ROOT}/MJRefresh/MJRefresh/MJRefresh.bundle",
			);
			name = "[CP] Copy Pods Resources";
			outputPaths = (
				"${TARGET_BUILD_DIR}/${UNLOCALIZED_RESOURCES_FOLDER_PATH}",
			);
			runOnlyForDeploymentPostprocessing = 0;
			shellPath = /bin/sh;
			shellScript = "\"${SRCROOT}/Pods/Target Support Files/Pods-GC/Pods-GC-resources.sh\"\n";
			showEnvVarsInLog = 0;
		};
		F1502FED886835C1F7320915 /* [CP] Check Pods Manifest.lock */ = {
			isa = PBXShellScriptBuildPhase;
			buildActionMask = 2147483647;
			files = (
			);
			inputPaths = (
				"${PODS_PODFILE_DIR_PATH}/Podfile.lock",
				"${PODS_ROOT}/Manifest.lock",
			);
			name = "[CP] Check Pods Manifest.lock";
			outputPaths = (
				"$(DERIVED_FILE_DIR)/Pods-GC-checkManifestLockResult.txt",
			);
			runOnlyForDeploymentPostprocessing = 0;
			shellPath = /bin/sh;
			shellScript = "diff \"${PODS_PODFILE_DIR_PATH}/Podfile.lock\" \"${PODS_ROOT}/Manifest.lock\" > /dev/null\nif [ $? != 0 ] ; then\n    # print error to STDERR\n    echo \"error: The sandbox is not in sync with the Podfile.lock. Run 'pod install' or update your CocoaPods installation.\" >&2\n    exit 1\nfi\n# This output is used by Xcode 'outputs' to avoid re-running this script phase.\necho \"SUCCESS\" > \"${SCRIPT_OUTPUT_FILE_0}\"\n";
			showEnvVarsInLog = 0;
		};
/* End PBXShellScriptBuildPhase section */

/* Begin PBXSourcesBuildPhase section */
		3CFD84CC201C982E00F9E7E5 /* Sources */ = {
			isa = PBXSourcesBuildPhase;
			buildActionMask = 2147483647;
			files = (
				3CA33DA1202CAB17003032A4 /* MapAroundView.swift in Sources */,
				3CB5539D201CB73F009AC1CD /* String+Extension.swift in Sources */,
				3CB4D119202B488300AB70B9 /* ProfileSettingPwdViewController.swift in Sources */,
				3C7E26D72026960100ED4B56 /* ProfileSettingViewController.swift in Sources */,
				3CF3650A2022A916003179E8 /* NewsCell.swift in Sources */,
				3CB4D11B202C194300AB70B9 /* DonateRecordViewModel.swift in Sources */,
				3CB4D12F202C8EE400AB70B9 /* GeneralViewModel.swift in Sources */,
				3CB5539A201CB73F009AC1CD /* UIView+Extension.swift in Sources */,
				3CF365182022A916003179E8 /* FotgotPwd2ViewController.swift in Sources */,
				3CF364FA2022A916003179E8 /* SplashViewController.swift in Sources */,
				3CF365212022D9AB003179E8 /* BaseViewModel.swift in Sources */,
				3CF364C42022A3ED003179E8 /* HTTPSessionManager.swift in Sources */,
				3C1B0B38202D248500E059BD /* BusinessListViewController.swift in Sources */,
				3CF364F62022A916003179E8 /* HomeTabBarController.swift in Sources */,
				3C65505E20243D0300FE0504 /* WalletSectionCell.swift in Sources */,
				3CD6AA1E2025EE4900EAEECA /* ProfileCell.swift in Sources */,
				3CF365292022E672003179E8 /* LoginViewModel.swift in Sources */,
				3C7E26D52026930500ED4B56 /* ProfileDetailDescCell.swift in Sources */,
				3C1B0B3E202D332F00E059BD /* BaseViewController.swift in Sources */,
				3CB4D0F82029FE5100AB70B9 /* DonateRecordModel.swift in Sources */,
				3CF3650B2022A916003179E8 /* NewsViewController.swift in Sources */,
				3CF365092022A916003179E8 /* ProfileViewController.swift in Sources */,
				3CF364FF2022A916003179E8 /* BusinessView.swift in Sources */,
				3CF3651C2022A98D003179E8 /* RegisterModel.swift in Sources */,
				3CF364F72022A916003179E8 /* DonateViewController.swift in Sources */,
				3C7E26D22026930400ED4B56 /* ProfileDetailsViewController.swift in Sources */,
				3CF365132022A916003179E8 /* WalletCollectionViewCell.swift in Sources */,
				3CF3651A2022A916003179E8 /* FotgotPwdViewController.swift in Sources */,
				3CB55394201CB73F009AC1CD /* OnePixelConstraint.swift in Sources */,
				3CF3652F2022FADA003179E8 /* WalletViewModel.swift in Sources */,
				3CB4D0FC202A033200AB70B9 /* DonateModel.swift in Sources */,
				3CF3653120231DA8003179E8 /* BusinessModel.swift in Sources */,
				3C65507A2025DF7C00FE0504 /* DonateRecordViewController.swift in Sources */,
				3CB4D129202C821500AB70B9 /* SettingAboutViewController.swift in Sources */,
				3CF3652D2022EE8B003179E8 /* LaunchViewModel.swift in Sources */,
				3CB55393201CB73F009AC1CD /* Log.swift in Sources */,
				3CB553A4201CB73F009AC1CD /* NotificationMacro.swift in Sources */,
				3CB4D10F202AF8D000AB70B9 /* AdView.swift in Sources */,
				3CB4D127202C7BFC00AB70B9 /* SettingFAQViewController.swift in Sources */,
				3CFD84F4201C9B5900F9E7E5 /* AppDelegate.swift in Sources */,
				3CF3652B2022EB19003179E8 /* UIHelper.swift in Sources */,
				3CB4D12D202C8E0500AB70B9 /* BlockChainViewController.swift in Sources */,
				3CB553A3201CB73F009AC1CD /* LanguageMacro.swift in Sources */,
				3CB4D121202C4BB900AB70B9 /* Upload.swift in Sources */,
				3CB4D0FF202A044A00AB70B9 /* DonateDetailsModel.swift in Sources */,
				3CB4D11F202C293300AB70B9 /* NewsViewModel.swift in Sources */,
				3CB4D131202C8F0D00AB70B9 /* GeneralModel.swift in Sources */,
				3CB4D111202B093600AB70B9 /* ProfileViewModel.swift in Sources */,
				3CF365192022A916003179E8 /* LoginViewController.swift in Sources */,
				3C7E26D9202698B000ED4B56 /* ProfileBusinessViewController.swift in Sources */,
				3C7E26D12026930400ED4B56 /* ProfileDetailOtherCell.swift in Sources */,
				3C7E26CF2026930400ED4B56 /* ProfileDetailAvatarCell.swift in Sources */,
				3CF365062022A916003179E8 /* RegisterViewController.swift in Sources */,
				3CB55399201CB73F009AC1CD /* UIButton+Extension.swift in Sources */,
				3CF3653320232377003179E8 /* BusinessViewModel.swift in Sources */,
				3CB553A1201CB73F009AC1CD /* UserDefaultMacro.swift in Sources */,
				3CF365272022E52E003179E8 /* LoginModel.swift in Sources */,
				3CF365112022A916003179E8 /* PersonalDonateView.swift in Sources */,
				3CD6AA222025F05F00EAEECA /* ProfielSettingCell.swift in Sources */,
				3CF3650F2022A916003179E8 /* NewsHeaderView.swift in Sources */,
				3CB553A0201CB73F009AC1CD /* LanguageHelper.swift in Sources */,
				3CF364FE2022A916003179E8 /* BusinessViewController.swift in Sources */,
				3C65507D2025E50E00FE0504 /* DonateRecordCell.swift in Sources */,
				3CB5539B201CB73F009AC1CD /* UIImage+Extension.swift in Sources */,
				3C65505A20243B8600FE0504 /* WalletCell.swift in Sources */,
				3CB553A2201CB73F009AC1CD /* NetworkMacro.swift in Sources */,
				3C655061202445B000FE0504 /* WalletModel.swift in Sources */,
				3CB55397201CB73F009AC1CD /* UIColor+Extension.swift in Sources */,
				3C37461A201DBA14000FD752 /* BorderView.swift in Sources */,
				3CF364FD2022A916003179E8 /* MapView.swift in Sources */,
				3CF365142022A916003179E8 /* BannnerView.swift in Sources */,
				3C25DA3E201CC286003E4BFB /* UIImageView+Extension.swift in Sources */,
				3CD6AA292025F9D900EAEECA /* BaseNavigationController.swift in Sources */,
				3CB4D0FA202A011600AB70B9 /* NewsModel.swift in Sources */,
				3CF365232022DA86003179E8 /* BaseRequestModel.swift in Sources */,
				3CB553A5201CB73F009AC1CD /* GlobalMacro.swift in Sources */,
				3CF3651E2022A9F2003179E8 /* RegiserViewModel.swift in Sources */,
				3CB4D11D202C241700AB70B9 /* Double+Extension.swift in Sources */,
				3CB4D101202A05AF00AB70B9 /* ProfileModel.swift in Sources */,
				3CF365022022A916003179E8 /* BusinessTitleView.swift in Sources */,
				3CF365002022A916003179E8 /* BusinessCell.swift in Sources */,
				3CF365122022A916003179E8 /* WalletViewController.swift in Sources */,
				3CB55398201CB73F009AC1CD /* Date+Extension.swift in Sources */,
				3CB55395201CB73F009AC1CD /* PortraitViewController.swift in Sources */,
				3CF365052022A916003179E8 /* Register2ViewController.swift in Sources */,
				3CB5539E201CB73F009AC1CD /* Dictionary+Extension.swift in Sources */,
				3CB4D0F62029F03C00AB70B9 /* SplashModel.swift in Sources */,
				3CD6AA262025F07900EAEECA /* ProfileQuitCell.swift in Sources */,
				3CF365252022DAAF003179E8 /* BaseResultModel.swift in Sources */,
			);
			runOnlyForDeploymentPostprocessing = 0;
		};
/* End PBXSourcesBuildPhase section */

/* Begin PBXVariantGroup section */
		3CF97C16201CB4AC00FB67DB /* Localizable.strings */ = {
			isa = PBXVariantGroup;
			children = (
				3CF97C15201CB4AC00FB67DB /* en */,
				3CF97C17201CB4C300FB67DB /* zh-Hans */,
			);
			name = Localizable.strings;
			sourceTree = "<group>";
		};
/* End PBXVariantGroup section */

/* Begin XCBuildConfiguration section */
		3CFD84E0201C982E00F9E7E5 /* Debug */ = {
			isa = XCBuildConfiguration;
			buildSettings = {
				ALWAYS_SEARCH_USER_PATHS = NO;
				CLANG_ANALYZER_LOCALIZABILITY_NONLOCALIZED = YES;
				CLANG_ANALYZER_NONNULL = YES;
				CLANG_ANALYZER_NUMBER_OBJECT_CONVERSION = YES_AGGRESSIVE;
				CLANG_CXX_LANGUAGE_STANDARD = "gnu++14";
				CLANG_CXX_LIBRARY = "libc++";
				CLANG_ENABLE_MODULES = YES;
				CLANG_ENABLE_OBJC_ARC = YES;
				CLANG_WARN_BLOCK_CAPTURE_AUTORELEASING = YES;
				CLANG_WARN_BOOL_CONVERSION = YES;
				CLANG_WARN_COMMA = YES;
				CLANG_WARN_CONSTANT_CONVERSION = YES;
				CLANG_WARN_DIRECT_OBJC_ISA_USAGE = YES_ERROR;
				CLANG_WARN_DOCUMENTATION_COMMENTS = YES;
				CLANG_WARN_EMPTY_BODY = YES;
				CLANG_WARN_ENUM_CONVERSION = YES;
				CLANG_WARN_INFINITE_RECURSION = YES;
				CLANG_WARN_INT_CONVERSION = YES;
				CLANG_WARN_NON_LITERAL_NULL_CONVERSION = YES;
				CLANG_WARN_OBJC_LITERAL_CONVERSION = YES;
				CLANG_WARN_OBJC_ROOT_CLASS = YES_ERROR;
				CLANG_WARN_RANGE_LOOP_ANALYSIS = YES;
				CLANG_WARN_STRICT_PROTOTYPES = YES;
				CLANG_WARN_SUSPICIOUS_MOVE = YES;
				CLANG_WARN_UNGUARDED_AVAILABILITY = YES_AGGRESSIVE;
				CLANG_WARN_UNREACHABLE_CODE = YES;
				CLANG_WARN__DUPLICATE_METHOD_MATCH = YES;
				CODE_SIGN_IDENTITY = "iPhone Developer";
				COPY_PHASE_STRIP = NO;
				DEBUG_INFORMATION_FORMAT = dwarf;
				ENABLE_STRICT_OBJC_MSGSEND = YES;
				ENABLE_TESTABILITY = YES;
				GCC_C_LANGUAGE_STANDARD = gnu11;
				GCC_DYNAMIC_NO_PIC = NO;
				GCC_NO_COMMON_BLOCKS = YES;
				GCC_OPTIMIZATION_LEVEL = 0;
				GCC_PREPROCESSOR_DEFINITIONS = (
					"DEBUG=1",
					"$(inherited)",
				);
				GCC_WARN_64_TO_32_BIT_CONVERSION = YES;
				GCC_WARN_ABOUT_RETURN_TYPE = YES_ERROR;
				GCC_WARN_UNDECLARED_SELECTOR = YES;
				GCC_WARN_UNINITIALIZED_AUTOS = YES_AGGRESSIVE;
				GCC_WARN_UNUSED_FUNCTION = YES;
				GCC_WARN_UNUSED_VARIABLE = YES;
				HEADER_SEARCH_PATHS = "${SRCROOT}";
				IPHONEOS_DEPLOYMENT_TARGET = 11.2;
				MTL_ENABLE_DEBUG_INFO = YES;
				ONLY_ACTIVE_ARCH = YES;
				SDKROOT = iphoneos;
				SWIFT_ACTIVE_COMPILATION_CONDITIONS = DEBUG;
				SWIFT_OBJC_BRIDGING_HEADER = "$(SRCROOT)/GC/Config/GC-Bridging-Header.h";
				SWIFT_OPTIMIZATION_LEVEL = "-Onone";
			};
			name = Debug;
		};
		3CFD84E1201C982E00F9E7E5 /* Release */ = {
			isa = XCBuildConfiguration;
			buildSettings = {
				ALWAYS_SEARCH_USER_PATHS = NO;
				CLANG_ANALYZER_LOCALIZABILITY_NONLOCALIZED = YES;
				CLANG_ANALYZER_NONNULL = YES;
				CLANG_ANALYZER_NUMBER_OBJECT_CONVERSION = YES_AGGRESSIVE;
				CLANG_CXX_LANGUAGE_STANDARD = "gnu++14";
				CLANG_CXX_LIBRARY = "libc++";
				CLANG_ENABLE_MODULES = YES;
				CLANG_ENABLE_OBJC_ARC = YES;
				CLANG_WARN_BLOCK_CAPTURE_AUTORELEASING = YES;
				CLANG_WARN_BOOL_CONVERSION = YES;
				CLANG_WARN_COMMA = YES;
				CLANG_WARN_CONSTANT_CONVERSION = YES;
				CLANG_WARN_DIRECT_OBJC_ISA_USAGE = YES_ERROR;
				CLANG_WARN_DOCUMENTATION_COMMENTS = YES;
				CLANG_WARN_EMPTY_BODY = YES;
				CLANG_WARN_ENUM_CONVERSION = YES;
				CLANG_WARN_INFINITE_RECURSION = YES;
				CLANG_WARN_INT_CONVERSION = YES;
				CLANG_WARN_NON_LITERAL_NULL_CONVERSION = YES;
				CLANG_WARN_OBJC_LITERAL_CONVERSION = YES;
				CLANG_WARN_OBJC_ROOT_CLASS = YES_ERROR;
				CLANG_WARN_RANGE_LOOP_ANALYSIS = YES;
				CLANG_WARN_STRICT_PROTOTYPES = YES;
				CLANG_WARN_SUSPICIOUS_MOVE = YES;
				CLANG_WARN_UNGUARDED_AVAILABILITY = YES_AGGRESSIVE;
				CLANG_WARN_UNREACHABLE_CODE = YES;
				CLANG_WARN__DUPLICATE_METHOD_MATCH = YES;
				CODE_SIGN_IDENTITY = "iPhone Developer";
				COPY_PHASE_STRIP = NO;
				DEBUG_INFORMATION_FORMAT = "dwarf-with-dsym";
				ENABLE_NS_ASSERTIONS = NO;
				ENABLE_STRICT_OBJC_MSGSEND = YES;
				GCC_C_LANGUAGE_STANDARD = gnu11;
				GCC_NO_COMMON_BLOCKS = YES;
				GCC_WARN_64_TO_32_BIT_CONVERSION = YES;
				GCC_WARN_ABOUT_RETURN_TYPE = YES_ERROR;
				GCC_WARN_UNDECLARED_SELECTOR = YES;
				GCC_WARN_UNINITIALIZED_AUTOS = YES_AGGRESSIVE;
				GCC_WARN_UNUSED_FUNCTION = YES;
				GCC_WARN_UNUSED_VARIABLE = YES;
				HEADER_SEARCH_PATHS = "${SRCROOT}";
				IPHONEOS_DEPLOYMENT_TARGET = 11.2;
				MTL_ENABLE_DEBUG_INFO = NO;
				SDKROOT = iphoneos;
				SWIFT_OBJC_BRIDGING_HEADER = "$(SRCROOT)/GC/Config/GC-Bridging-Header.h";
				SWIFT_OPTIMIZATION_LEVEL = "-Owholemodule";
				VALIDATE_PRODUCT = YES;
			};
			name = Release;
		};
		3CFD84E3201C982E00F9E7E5 /* Debug */ = {
			isa = XCBuildConfiguration;
			baseConfigurationReference = F43E3385E1A3FF1553B1E9E5 /* Pods-GC.debug.xcconfig */;
			buildSettings = {
				ALWAYS_EMBED_SWIFT_STANDARD_LIBRARIES = "$(inherited)";
				ASSETCATALOG_COMPILER_APPICON_NAME = AppIcon;
				CLANG_ENABLE_MODULES = YES;
				CODE_SIGN_STYLE = Manual;
				DEVELOPMENT_TEAM = NAGPV52B3Z;
				FRAMEWORK_SEARCH_PATHS = "$(inherited)";
				INFOPLIST_FILE = "$(SRCROOT)/GC/Config/Info.plist";
				IPHONEOS_DEPLOYMENT_TARGET = 8.0;
				LD_RUNPATH_SEARCH_PATHS = "$(inherited) @executable_path/Frameworks";
				LIBRARY_SEARCH_PATHS = "$(inherited)";
				MACH_O_TYPE = mh_execute;
				OTHER_LDFLAGS = "$(inherited)";
				OTHER_SWIFT_FLAGS = "$(inherited)";
				PRODUCT_BUNDLE_IDENTIFIER = com.guall.pointswallet;
				PRODUCT_NAME = "$(TARGET_NAME)";
				PROVISIONING_PROFILE = "a42ee6b4-0fc1-4027-aaf7-1aa146129edf";
				PROVISIONING_PROFILE_SPECIFIER = PointsWallet;
				SWIFT_OBJC_BRIDGING_HEADER = "$(SRCROOT)/GC/Config/GC-Bridging-Header.h";
				SWIFT_OPTIMIZATION_LEVEL = "-Onone";
				SWIFT_VERSION = 3.0;
				TARGETED_DEVICE_FAMILY = 1;
				USER_HEADER_SEARCH_PATHS = "${SRCROOT}/**";
			};
			name = Debug;
		};
		3CFD84E4201C982E00F9E7E5 /* Release */ = {
			isa = XCBuildConfiguration;
			baseConfigurationReference = BBEE1DAB0CF91082AD1F3A01 /* Pods-GC.release.xcconfig */;
			buildSettings = {
				ALWAYS_EMBED_SWIFT_STANDARD_LIBRARIES = "$(inherited)";
				ASSETCATALOG_COMPILER_APPICON_NAME = AppIcon;
				CLANG_ENABLE_MODULES = YES;
				"CODE_SIGN_IDENTITY[sdk=iphoneos*]" = "iPhone Developer";
				CODE_SIGN_STYLE = Manual;
				DEVELOPMENT_TEAM = NAGPV52B3Z;
				FRAMEWORK_SEARCH_PATHS = "$(inherited)";
				INFOPLIST_FILE = "$(SRCROOT)/GC/Config/Info.plist";
				IPHONEOS_DEPLOYMENT_TARGET = 8.0;
				LD_RUNPATH_SEARCH_PATHS = "$(inherited) @executable_path/Frameworks";
				LIBRARY_SEARCH_PATHS = "$(inherited)";
				MACH_O_TYPE = mh_execute;
				OTHER_LDFLAGS = "$(inherited)";
				OTHER_SWIFT_FLAGS = "$(inherited)";
				"OTHER_SWIFT_FLAGS[arch=*]" = "";
				PRODUCT_BUNDLE_IDENTIFIER = com.guall.pointswallet;
				PRODUCT_NAME = "$(TARGET_NAME)";
				PROVISIONING_PROFILE = "fa1706fe-c6f1-4b81-bd24-6bbd71775883";
				PROVISIONING_PROFILE_SPECIFIER = PointsWallet;
				SWIFT_OBJC_BRIDGING_HEADER = "$(SRCROOT)/GC/Config/GC-Bridging-Header.h";
				SWIFT_VERSION = 3.0;
				TARGETED_DEVICE_FAMILY = 1;
				USER_HEADER_SEARCH_PATHS = "${SRCROOT}/**";
			};
			name = Release;
		};
/* End XCBuildConfiguration section */

/* Begin XCConfigurationList section */
		3CFD84CB201C982E00F9E7E5 /* Build configuration list for PBXProject "GC" */ = {
			isa = XCConfigurationList;
			buildConfigurations = (
				3CFD84E0201C982E00F9E7E5 /* Debug */,
				3CFD84E1201C982E00F9E7E5 /* Release */,
			);
			defaultConfigurationIsVisible = 0;
			defaultConfigurationName = Release;
		};
		3CFD84E2201C982E00F9E7E5 /* Build configuration list for PBXNativeTarget "GC" */ = {
			isa = XCConfigurationList;
			buildConfigurations = (
				3CFD84E3201C982E00F9E7E5 /* Debug */,
				3CFD84E4201C982E00F9E7E5 /* Release */,
			);
			defaultConfigurationIsVisible = 0;
			defaultConfigurationName = Release;
		};
/* End XCConfigurationList section */
	};
	rootObject = 3CFD84C8201C982E00F9E7E5 /* Project object */;
}
